// !$*UTF8*$!
{
	archiveVersion = 1;
	classes = {
	};
	objectVersion = 46;
	objects = {

/* Begin PBXBuildFile section */
		97F8893B1A49A84E00A135C9 /* SpeakersViewController.m in Sources */ = {isa = PBXBuildFile; fileRef = 97F8893A1A49A84E00A135C9 /* SpeakersViewController.m */; };
		97F8893D1A49B35500A135C9 /* icon_back.png in Resources */ = {isa = PBXBuildFile; fileRef = 97F8893C1A49B35500A135C9 /* icon_back.png */; };
		97F889411A49B46E00A135C9 /* back_button_VECTOR.pdf in Resources */ = {isa = PBXBuildFile; fileRef = 97F889401A49B46E00A135C9 /* back_button_VECTOR.pdf */; };
		97F889441A49B64600A135C9 /* VenueViewController.m in Sources */ = {isa = PBXBuildFile; fileRef = 97F889431A49B64600A135C9 /* VenueViewController.m */; };
		97F889461A49B6D300A135C9 /* MapKit.framework in Frameworks */ = {isa = PBXBuildFile; fileRef = 97F889451A49B6D300A135C9 /* MapKit.framework */; };
		97F8894A1A49BBEF00A135C9 /* MKMapView+ZoomLevel.m in Sources */ = {isa = PBXBuildFile; fileRef = 97F889491A49BBEF00A135C9 /* MKMapView+ZoomLevel.m */; };
		B70EEB571A485258008CD9C6 /* MHTabBarController.m in Sources */ = {isa = PBXBuildFile; fileRef = B70EEB561A485258008CD9C6 /* MHTabBarController.m */; };
		B70F610A1A483F96004EA563 /* backstage_1.jpeg in Resources */ = {isa = PBXBuildFile; fileRef = B70F60C21A483F96004EA563 /* backstage_1.jpeg */; };
		B70F610B1A483F96004EA563 /* backstage_10.jpeg in Resources */ = {isa = PBXBuildFile; fileRef = B70F60C31A483F96004EA563 /* backstage_10.jpeg */; };
		B70F610C1A483F96004EA563 /* backstage_11.jpeg in Resources */ = {isa = PBXBuildFile; fileRef = B70F60C41A483F96004EA563 /* backstage_11.jpeg */; };
		B70F610D1A483F96004EA563 /* backstage_12.jpeg in Resources */ = {isa = PBXBuildFile; fileRef = B70F60C51A483F96004EA563 /* backstage_12.jpeg */; };
		B70F610E1A483F96004EA563 /* backstage_13.jpeg in Resources */ = {isa = PBXBuildFile; fileRef = B70F60C61A483F96004EA563 /* backstage_13.jpeg */; };
		B70F610F1A483F96004EA563 /* backstage_14.jpeg in Resources */ = {isa = PBXBuildFile; fileRef = B70F60C71A483F96004EA563 /* backstage_14.jpeg */; };
		B70F61101A483F96004EA563 /* backstage_15.jpeg in Resources */ = {isa = PBXBuildFile; fileRef = B70F60C81A483F96004EA563 /* backstage_15.jpeg */; };
		B70F61111A483F96004EA563 /* backstage_16.jpeg in Resources */ = {isa = PBXBuildFile; fileRef = B70F60C91A483F96004EA563 /* backstage_16.jpeg */; };
		B70F61121A483F96004EA563 /* backstage_17.jpeg in Resources */ = {isa = PBXBuildFile; fileRef = B70F60CA1A483F96004EA563 /* backstage_17.jpeg */; };
		B70F61131A483F96004EA563 /* backstage_18.jpeg in Resources */ = {isa = PBXBuildFile; fileRef = B70F60CB1A483F96004EA563 /* backstage_18.jpeg */; };
		B70F61141A483F96004EA563 /* backstage_19.jpeg in Resources */ = {isa = PBXBuildFile; fileRef = B70F60CC1A483F96004EA563 /* backstage_19.jpeg */; };
		B70F61151A483F96004EA563 /* backstage_2.jpeg in Resources */ = {isa = PBXBuildFile; fileRef = B70F60CD1A483F96004EA563 /* backstage_2.jpeg */; };
		B70F61161A483F96004EA563 /* backstage_20.jpeg in Resources */ = {isa = PBXBuildFile; fileRef = B70F60CE1A483F96004EA563 /* backstage_20.jpeg */; };
		B70F61171A483F96004EA563 /* backstage_21.jpeg in Resources */ = {isa = PBXBuildFile; fileRef = B70F60CF1A483F96004EA563 /* backstage_21.jpeg */; };
		B70F61181A483F96004EA563 /* backstage_22.jpeg in Resources */ = {isa = PBXBuildFile; fileRef = B70F60D01A483F96004EA563 /* backstage_22.jpeg */; };
		B70F61191A483F96004EA563 /* backstage_23.jpeg in Resources */ = {isa = PBXBuildFile; fileRef = B70F60D11A483F96004EA563 /* backstage_23.jpeg */; };
		B70F611A1A483F96004EA563 /* backstage_24.jpeg in Resources */ = {isa = PBXBuildFile; fileRef = B70F60D21A483F96004EA563 /* backstage_24.jpeg */; };
		B70F611B1A483F96004EA563 /* backstage_25.jpeg in Resources */ = {isa = PBXBuildFile; fileRef = B70F60D31A483F96004EA563 /* backstage_25.jpeg */; };
		B70F611C1A483F96004EA563 /* backstage_26.jpeg in Resources */ = {isa = PBXBuildFile; fileRef = B70F60D41A483F96004EA563 /* backstage_26.jpeg */; };
		B70F611D1A483F96004EA563 /* backstage_27.jpeg in Resources */ = {isa = PBXBuildFile; fileRef = B70F60D51A483F96004EA563 /* backstage_27.jpeg */; };
		B70F611E1A483F96004EA563 /* backstage_28.jpeg in Resources */ = {isa = PBXBuildFile; fileRef = B70F60D61A483F96004EA563 /* backstage_28.jpeg */; };
		B70F611F1A483F96004EA563 /* backstage_29.jpeg in Resources */ = {isa = PBXBuildFile; fileRef = B70F60D71A483F96004EA563 /* backstage_29.jpeg */; };
		B70F61201A483F96004EA563 /* backstage_3.jpeg in Resources */ = {isa = PBXBuildFile; fileRef = B70F60D81A483F96004EA563 /* backstage_3.jpeg */; };
		B70F61211A483F96004EA563 /* backstage_30.jpeg in Resources */ = {isa = PBXBuildFile; fileRef = B70F60D91A483F96004EA563 /* backstage_30.jpeg */; };
		B70F61221A483F96004EA563 /* backstage_31.jpeg in Resources */ = {isa = PBXBuildFile; fileRef = B70F60DA1A483F96004EA563 /* backstage_31.jpeg */; };
		B70F61231A483F96004EA563 /* backstage_4.jpeg in Resources */ = {isa = PBXBuildFile; fileRef = B70F60DB1A483F96004EA563 /* backstage_4.jpeg */; };
		B70F61241A483F96004EA563 /* backstage_5.jpeg in Resources */ = {isa = PBXBuildFile; fileRef = B70F60DC1A483F96004EA563 /* backstage_5.jpeg */; };
		B70F61251A483F96004EA563 /* backstage_6.jpeg in Resources */ = {isa = PBXBuildFile; fileRef = B70F60DD1A483F96004EA563 /* backstage_6.jpeg */; };
		B70F61261A483F96004EA563 /* backstage_7.jpeg in Resources */ = {isa = PBXBuildFile; fileRef = B70F60DE1A483F96004EA563 /* backstage_7.jpeg */; };
		B70F61271A483F96004EA563 /* backstage_8.jpeg in Resources */ = {isa = PBXBuildFile; fileRef = B70F60DF1A483F96004EA563 /* backstage_8.jpeg */; };
		B70F61281A483F96004EA563 /* backstage_9.jpeg in Resources */ = {isa = PBXBuildFile; fileRef = B70F60E01A483F96004EA563 /* backstage_9.jpeg */; };
		B70F61291A483F96004EA563 /* icon_bookmark.png in Resources */ = {isa = PBXBuildFile; fileRef = B70F60E11A483F96004EA563 /* icon_bookmark.png */; };
		B70F612A1A483F96004EA563 /* icon_bookmark_empty.png in Resources */ = {isa = PBXBuildFile; fileRef = B70F60E21A483F96004EA563 /* icon_bookmark_empty.png */; };
		B70F612B1A483F96004EA563 /* icon_menu_about.png in Resources */ = {isa = PBXBuildFile; fileRef = B70F60E31A483F96004EA563 /* icon_menu_about.png */; };
		B70F612C1A483F96004EA563 /* icon_menu_bookmark.png in Resources */ = {isa = PBXBuildFile; fileRef = B70F60E41A483F96004EA563 /* icon_menu_bookmark.png */; };
		B70F612D1A483F96004EA563 /* icon_menu_organizers.png in Resources */ = {isa = PBXBuildFile; fileRef = B70F60E51A483F96004EA563 /* icon_menu_organizers.png */; };
		B70F612E1A483F96004EA563 /* icon_menu_schedule.png in Resources */ = {isa = PBXBuildFile; fileRef = B70F60E61A483F96004EA563 /* icon_menu_schedule.png */; };
		B70F612F1A483F96004EA563 /* icon_menu_speakers.png in Resources */ = {isa = PBXBuildFile; fileRef = B70F60E71A483F96004EA563 /* icon_menu_speakers.png */; };
		B70F61301A483F96004EA563 /* icon_menu_venue.png in Resources */ = {isa = PBXBuildFile; fileRef = B70F60E81A483F96004EA563 /* icon_menu_venue.png */; };
		B70F61311A483F96004EA563 /* icon_twitter.png in Resources */ = {isa = PBXBuildFile; fileRef = B70F60E91A483F96004EA563 /* icon_twitter.png */; };
		B70F61321A483F96004EA563 /* speaker_0.png in Resources */ = {isa = PBXBuildFile; fileRef = B70F60EA1A483F96004EA563 /* speaker_0.png */; };
		B70F61331A483F96004EA563 /* speaker_1.png in Resources */ = {isa = PBXBuildFile; fileRef = B70F60EB1A483F96004EA563 /* speaker_1.png */; };
		B70F61341A483F96004EA563 /* speaker_10.png in Resources */ = {isa = PBXBuildFile; fileRef = B70F60EC1A483F96004EA563 /* speaker_10.png */; };
		B70F61351A483F96004EA563 /* speaker_11.png in Resources */ = {isa = PBXBuildFile; fileRef = B70F60ED1A483F96004EA563 /* speaker_11.png */; };
		B70F61361A483F96004EA563 /* speaker_12.png in Resources */ = {isa = PBXBuildFile; fileRef = B70F60EE1A483F96004EA563 /* speaker_12.png */; };
		B70F61371A483F96004EA563 /* speaker_13.png in Resources */ = {isa = PBXBuildFile; fileRef = B70F60EF1A483F96004EA563 /* speaker_13.png */; };
		B70F61381A483F96004EA563 /* speaker_14.png in Resources */ = {isa = PBXBuildFile; fileRef = B70F60F01A483F96004EA563 /* speaker_14.png */; };
		B70F61391A483F96004EA563 /* speaker_15.png in Resources */ = {isa = PBXBuildFile; fileRef = B70F60F11A483F96004EA563 /* speaker_15.png */; };
		B70F613A1A483F96004EA563 /* speaker_16.png in Resources */ = {isa = PBXBuildFile; fileRef = B70F60F21A483F96004EA563 /* speaker_16.png */; };
		B70F613B1A483F96004EA563 /* speaker_17.png in Resources */ = {isa = PBXBuildFile; fileRef = B70F60F31A483F96004EA563 /* speaker_17.png */; };
		B70F613C1A483F96004EA563 /* speaker_18.png in Resources */ = {isa = PBXBuildFile; fileRef = B70F60F41A483F96004EA563 /* speaker_18.png */; };
		B70F613D1A483F96004EA563 /* speaker_19.png in Resources */ = {isa = PBXBuildFile; fileRef = B70F60F51A483F96004EA563 /* speaker_19.png */; };
		B70F613E1A483F96004EA563 /* speaker_2.png in Resources */ = {isa = PBXBuildFile; fileRef = B70F60F61A483F96004EA563 /* speaker_2.png */; };
		B70F613F1A483F96004EA563 /* speaker_20.png in Resources */ = {isa = PBXBuildFile; fileRef = B70F60F71A483F96004EA563 /* speaker_20.png */; };
		B70F61401A483F96004EA563 /* speaker_21.png in Resources */ = {isa = PBXBuildFile; fileRef = B70F60F81A483F96004EA563 /* speaker_21.png */; };
		B70F61411A483F96004EA563 /* speaker_22.png in Resources */ = {isa = PBXBuildFile; fileRef = B70F60F91A483F96004EA563 /* speaker_22.png */; };
		B70F61421A483F96004EA563 /* speaker_23.png in Resources */ = {isa = PBXBuildFile; fileRef = B70F60FA1A483F96004EA563 /* speaker_23.png */; };
		B70F61431A483F96004EA563 /* speaker_24.png in Resources */ = {isa = PBXBuildFile; fileRef = B70F60FB1A483F96004EA563 /* speaker_24.png */; };
		B70F61441A483F96004EA563 /* speaker_25.png in Resources */ = {isa = PBXBuildFile; fileRef = B70F60FC1A483F96004EA563 /* speaker_25.png */; };
		B70F61451A483F96004EA563 /* speaker_26.png in Resources */ = {isa = PBXBuildFile; fileRef = B70F60FD1A483F96004EA563 /* speaker_26.png */; };
		B70F61461A483F96004EA563 /* speaker_27.png in Resources */ = {isa = PBXBuildFile; fileRef = B70F60FE1A483F96004EA563 /* speaker_27.png */; };
		B70F61471A483F96004EA563 /* speaker_28.png in Resources */ = {isa = PBXBuildFile; fileRef = B70F60FF1A483F96004EA563 /* speaker_28.png */; };
		B70F61481A483F96004EA563 /* speaker_29.png in Resources */ = {isa = PBXBuildFile; fileRef = B70F61001A483F96004EA563 /* speaker_29.png */; };
		B70F61491A483F96004EA563 /* speaker_3.png in Resources */ = {isa = PBXBuildFile; fileRef = B70F61011A483F96004EA563 /* speaker_3.png */; };
		B70F614A1A483F96004EA563 /* speaker_30.png in Resources */ = {isa = PBXBuildFile; fileRef = B70F61021A483F96004EA563 /* speaker_30.png */; };
		B70F614B1A483F96004EA563 /* speaker_31.png in Resources */ = {isa = PBXBuildFile; fileRef = B70F61031A483F96004EA563 /* speaker_31.png */; };
		B70F614C1A483F96004EA563 /* speaker_4.png in Resources */ = {isa = PBXBuildFile; fileRef = B70F61041A483F96004EA563 /* speaker_4.png */; };
		B70F614D1A483F96004EA563 /* speaker_5.png in Resources */ = {isa = PBXBuildFile; fileRef = B70F61051A483F96004EA563 /* speaker_5.png */; };
		B70F614E1A483F96004EA563 /* speaker_6.png in Resources */ = {isa = PBXBuildFile; fileRef = B70F61061A483F96004EA563 /* speaker_6.png */; };
		B70F614F1A483F96004EA563 /* speaker_7.png in Resources */ = {isa = PBXBuildFile; fileRef = B70F61071A483F96004EA563 /* speaker_7.png */; };
		B70F61501A483F96004EA563 /* speaker_8.png in Resources */ = {isa = PBXBuildFile; fileRef = B70F61081A483F96004EA563 /* speaker_8.png */; };
		B70F61511A483F96004EA563 /* speaker_9.png in Resources */ = {isa = PBXBuildFile; fileRef = B70F61091A483F96004EA563 /* speaker_9.png */; };
		B70F61531A484386004EA563 /* ic_drawer.png in Resources */ = {isa = PBXBuildFile; fileRef = B70F61521A484386004EA563 /* ic_drawer.png */; };
		B70F61561A4846C6004EA563 /* ShowCaseCell.m in Sources */ = {isa = PBXBuildFile; fileRef = B70F61551A4846C6004EA563 /* ShowCaseCell.m */; };
		B70F61591A4846EB004EA563 /* ShowcaseViewController.m in Sources */ = {isa = PBXBuildFile; fileRef = B70F61581A4846EB004EA563 /* ShowcaseViewController.m */; };
		B71B187E1A5141CC00A295B1 /* Default-568h@2x.png in Resources */ = {isa = PBXBuildFile; fileRef = B71B18771A5141CC00A295B1 /* Default-568h@2x.png */; };
		B71B187F1A5141CC00A295B1 /* Default-667h@2x.png in Resources */ = {isa = PBXBuildFile; fileRef = B71B18781A5141CC00A295B1 /* Default-667h@2x.png */; };
		B71B18801A5141CC00A295B1 /* Default-Portrait-736h@3x.png in Resources */ = {isa = PBXBuildFile; fileRef = B71B18791A5141CC00A295B1 /* Default-Portrait-736h@3x.png */; };
		B71B18811A5141CC00A295B1 /* Default-Portrait.png in Resources */ = {isa = PBXBuildFile; fileRef = B71B187A1A5141CC00A295B1 /* Default-Portrait.png */; };
		B71B18821A5141CC00A295B1 /* Default-Portrait@2x.png in Resources */ = {isa = PBXBuildFile; fileRef = B71B187B1A5141CC00A295B1 /* Default-Portrait@2x.png */; };
		B71B18831A5141CC00A295B1 /* Default.png in Resources */ = {isa = PBXBuildFile; fileRef = B71B187C1A5141CC00A295B1 /* Default.png */; };
		B71B18841A5141CC00A295B1 /* Default@2x.png in Resources */ = {isa = PBXBuildFile; fileRef = B71B187D1A5141CC00A295B1 /* Default@2x.png */; };
		B71B18861A5142EE00A295B1 /* LaunchScreenPNG.png in Resources */ = {isa = PBXBuildFile; fileRef = B71B18851A5142EE00A295B1 /* LaunchScreenPNG.png */; };
		B7519A021A517F350036E2D6 /* schedule.json in Resources */ = {isa = PBXBuildFile; fileRef = B7519A001A517F350036E2D6 /* schedule.json */; };
		B7519A031A517F350036E2D6 /* speakers.json in Resources */ = {isa = PBXBuildFile; fileRef = B7519A011A517F350036E2D6 /* speakers.json */; };
		B7657A861A4DADE900EDAA28 /* Hall_imag.png in Resources */ = {isa = PBXBuildFile; fileRef = B7657A851A4DADE900EDAA28 /* Hall_imag.png */; };
		B7657A891A4DAEA900EDAA28 /* Hall_imag@2x.png in Resources */ = {isa = PBXBuildFile; fileRef = B7657A871A4DAEA900EDAA28 /* Hall_imag@2x.png */; };
		B7657A8A1A4DAEA900EDAA28 /* Hall_imag@3x.png in Resources */ = {isa = PBXBuildFile; fileRef = B7657A881A4DAEA900EDAA28 /* Hall_imag@3x.png */; };
		B7B16D011A361966005267AF /* main.m in Sources */ = {isa = PBXBuildFile; fileRef = B7B16D001A361966005267AF /* main.m */; };
		B7B16D041A361966005267AF /* AppDelegate.m in Sources */ = {isa = PBXBuildFile; fileRef = B7B16D031A361966005267AF /* AppDelegate.m */; };
		B7B16D0A1A361966005267AF /* Main.storyboard in Resources */ = {isa = PBXBuildFile; fileRef = B7B16D081A361966005267AF /* Main.storyboard */; };
		B7B16D0C1A361966005267AF /* Images.xcassets in Resources */ = {isa = PBXBuildFile; fileRef = B7B16D0B1A361966005267AF /* Images.xcassets */; };
		B7B16D0F1A361966005267AF /* LaunchScreen.xib in Resources */ = {isa = PBXBuildFile; fileRef = B7B16D0D1A361966005267AF /* LaunchScreen.xib */; };
		B7B16D1B1A361966005267AF /* RigaDevDayTests.m in Sources */ = {isa = PBXBuildFile; fileRef = B7B16D1A1A361966005267AF /* RigaDevDayTests.m */; };
		B7B16D2A1A361B2D005267AF /* SpeakerInfoViewController.m in Sources */ = {isa = PBXBuildFile; fileRef = B7B16D291A361B2D005267AF /* SpeakerInfoViewController.m */; };
		B7B16D2E1A361B7A005267AF /* SpeechInfoViewController.m in Sources */ = {isa = PBXBuildFile; fileRef = B7B16D2D1A361B7A005267AF /* SpeechInfoViewController.m */; };
		B7B16D321A361BAC005267AF /* ScheduleViewController.m in Sources */ = {isa = PBXBuildFile; fileRef = B7B16D311A361BAC005267AF /* ScheduleViewController.m */; };
		B7B16D361A361BD0005267AF /* BookmarksViewController.m in Sources */ = {isa = PBXBuildFile; fileRef = B7B16D351A361BD0005267AF /* BookmarksViewController.m */; };
		B7B16D3A1A361BE8005267AF /* AboutViewController.m in Sources */ = {isa = PBXBuildFile; fileRef = B7B16D391A361BE8005267AF /* AboutViewController.m */; };
		B7B16D3E1A361D16005267AF /* DataManager.m in Sources */ = {isa = PBXBuildFile; fileRef = B7B16D3D1A361D16005267AF /* DataManager.m */; };
		B7B16D421A361D33005267AF /* EventObject.m in Sources */ = {isa = PBXBuildFile; fileRef = B7B16D411A361D33005267AF /* EventObject.m */; };
		B7B16D471A361D75005267AF /* ScheduleObject.m in Sources */ = {isa = PBXBuildFile; fileRef = B7B16D461A361D75005267AF /* ScheduleObject.m */; };
		B7B16D4C1A361DDA005267AF /* SpeakerObject.m in Sources */ = {isa = PBXBuildFile; fileRef = B7B16D4B1A361DDA005267AF /* SpeakerObject.m */; };
		B7B16D4F1A36201B005267AF /* SWRevealViewController.m in Sources */ = {isa = PBXBuildFile; fileRef = B7B16D4E1A36201B005267AF /* SWRevealViewController.m */; };
		B7B16D551A362646005267AF /* NavigationViewController.m in Sources */ = {isa = PBXBuildFile; fileRef = B7B16D541A362646005267AF /* NavigationViewController.m */; };
		B7FA0F1D1A4C731F002BD598 /* GlobalMetupTableViewCell.m in Sources */ = {isa = PBXBuildFile; fileRef = B7FA0F1C1A4C731F002BD598 /* GlobalMetupTableViewCell.m */; };
		B7FDD09D1A4ABB1B0001C098 /* OrganizersViewController.m in Sources */ = {isa = PBXBuildFile; fileRef = B7FDD09C1A4ABB1B0001C098 /* OrganizersViewController.m */; };
		B7FDD0A81A4ABFFE0001C098 /* OrganizersTableViewCell.m in Sources */ = {isa = PBXBuildFile; fileRef = B7FDD0A71A4ABFFE0001C098 /* OrganizersTableViewCell.m */; };
		B7FDD0CB1A4AC1560001C098 /* 4finance_logo.png in Resources */ = {isa = PBXBuildFile; fileRef = B7FDD0AA1A4AC1560001C098 /* 4finance_logo.png */; };
		B7FDD0CC1A4AC1560001C098 /* accenture.png in Resources */ = {isa = PBXBuildFile; fileRef = B7FDD0AB1A4AC1560001C098 /* accenture.png */; };
		B7FDD0CD1A4AC1560001C098 /* ctco_logo.png in Resources */ = {isa = PBXBuildFile; fileRef = B7FDD0AC1A4AC1560001C098 /* ctco_logo.png */; };
		B7FDD0CE1A4AC1560001C098 /* devclub.png in Resources */ = {isa = PBXBuildFile; fileRef = B7FDD0AD1A4AC1560001C098 /* devclub.png */; };
		B7FDD0CF1A4AC1560001C098 /* enjoy.png in Resources */ = {isa = PBXBuildFile; fileRef = B7FDD0AE1A4AC1560001C098 /* enjoy.png */; };
		B7FDD0D01A4AC1560001C098 /* gdg-riga.png in Resources */ = {isa = PBXBuildFile; fileRef = B7FDD0AF1A4AC1560001C098 /* gdg-riga.png */; };
		B7FDD0D11A4AC1560001C098 /* gi.png in Resources */ = {isa = PBXBuildFile; fileRef = B7FDD0B01A4AC1560001C098 /* gi.png */; };
		B7FDD0D21A4AC1560001C098 /* github.png in Resources */ = {isa = PBXBuildFile; fileRef = B7FDD0B11A4AC1560001C098 /* github.png */; };
		B7FDD0D31A4AC1560001C098 /* google.png in Resources */ = {isa = PBXBuildFile; fileRef = B7FDD0B21A4AC1560001C098 /* google.png */; };
		B7FDD0D41A4AC1560001C098 /* gtug_sthlm.png in Resources */ = {isa = PBXBuildFile; fileRef = B7FDD0B31A4AC1560001C098 /* gtug_sthlm.png */; };
		B7FDD0D51A4AC1560001C098 /* idea-port-riga.png in Resources */ = {isa = PBXBuildFile; fileRef = B7FDD0B41A4AC1560001C098 /* idea-port-riga.png */; };
		B7FDD0D61A4AC1560001C098 /* innowate.png in Resources */ = {isa = PBXBuildFile; fileRef = B7FDD0B51A4AC1560001C098 /* innowate.png */; };
		B7FDD0D71A4AC1560001C098 /* javaguru.png in Resources */ = {isa = PBXBuildFile; fileRef = B7FDD0B61A4AC1560001C098 /* javaguru.png */; };
		B7FDD0D81A4AC1560001C098 /* jug-kpi.png in Resources */ = {isa = PBXBuildFile; fileRef = B7FDD0B71A4AC1560001C098 /* jug-kpi.png */; };
		B7FDD0D91A4AC1560001C098 /* jug.png in Resources */ = {isa = PBXBuildFile; fileRef = B7FDD0B81A4AC1560001C098 /* jug.png */; };
		B7FDD0DA1A4AC1560001C098 /* jug_kaunas.png in Resources */ = {isa = PBXBuildFile; fileRef = B7FDD0B91A4AC1560001C098 /* jug_kaunas.png */; };
		B7FDD0DB1A4AC1560001C098 /* jug_vilnius.png in Resources */ = {isa = PBXBuildFile; fileRef = B7FDD0BA1A4AC1560001C098 /* jug_vilnius.png */; };
		B7FDD0DC1A4AC1560001C098 /* kursors.png in Resources */ = {isa = PBXBuildFile; fileRef = B7FDD0BB1A4AC1560001C098 /* kursors.png */; };
		B7FDD0DD1A4AC1560001C098 /* ldn.png in Resources */ = {isa = PBXBuildFile; fileRef = B7FDD0BC1A4AC1560001C098 /* ldn.png */; };
		B7FDD0DE1A4AC1560001C098 /* lvoug.png in Resources */ = {isa = PBXBuildFile; fileRef = B7FDD0BD1A4AC1560001C098 /* lvoug.png */; };
		B7FDD0DF1A4AC1560001C098 /* neueda.png in Resources */ = {isa = PBXBuildFile; fileRef = B7FDD0BE1A4AC1560001C098 /* neueda.png */; };
		B7FDD0E01A4AC1560001C098 /* ok_logo.png in Resources */ = {isa = PBXBuildFile; fileRef = B7FDD0BF1A4AC1560001C098 /* ok_logo.png */; };
		B7FDD0E11A4AC1560001C098 /* openshift.png in Resources */ = {isa = PBXBuildFile; fileRef = B7FDD0C01A4AC1560001C098 /* openshift.png */; };
		B7FDD0E21A4AC1560001C098 /* oraclepress.png in Resources */ = {isa = PBXBuildFile; fileRef = B7FDD0C11A4AC1560001C098 /* oraclepress.png */; };
		B7FDD0E31A4AC1560001C098 /* oreilly.jpg in Resources */ = {isa = PBXBuildFile; fileRef = B7FDD0C21A4AC1560001C098 /* oreilly.jpg */; };
		B7FDD0E41A4AC1560001C098 /* ouge.png in Resources */ = {isa = PBXBuildFile; fileRef = B7FDD0C31A4AC1560001C098 /* ouge.png */; };
		B7FDD0E51A4AC1560001C098 /* pluralsight.png in Resources */ = {isa = PBXBuildFile; fileRef = B7FDD0C41A4AC1560001C098 /* pluralsight.png */; };
		B7FDD0E61A4AC1560001C098 /* progmeistars.png in Resources */ = {isa = PBXBuildFile; fileRef = B7FDD0C51A4AC1560001C098 /* progmeistars.png */; };
		B7FDD0E71A4AC1560001C098 /* riga-comm.png in Resources */ = {isa = PBXBuildFile; fileRef = B7FDD0C61A4AC1560001C098 /* riga-comm.png */; };
		B7FDD0E81A4AC1560001C098 /* rubylight.png in Resources */ = {isa = PBXBuildFile; fileRef = B7FDD0C71A4AC1560001C098 /* rubylight.png */; };
		B7FDD0E91A4AC1560001C098 /* startup-latvia.png in Resources */ = {isa = PBXBuildFile; fileRef = B7FDD0C81A4AC1560001C098 /* startup-latvia.png */; };
		B7FDD0EA1A4AC1560001C098 /* startuphunt.png in Resources */ = {isa = PBXBuildFile; fileRef = B7FDD0C91A4AC1560001C098 /* startuphunt.png */; };
		B7FDD0EB1A4AC1560001C098 /* techhub.png in Resources */ = {isa = PBXBuildFile; fileRef = B7FDD0CA1A4AC1560001C098 /* techhub.png */; };
		B7FDD1141A4B21110001C098 /* SpeakerTableViewCell.m in Sources */ = {isa = PBXBuildFile; fileRef = B7FDD1131A4B21110001C098 /* SpeakerTableViewCell.m */; };
		B7FDD11F1A4B45820001C098 /* EventCategory.m in Sources */ = {isa = PBXBuildFile; fileRef = B7FDD11E1A4B45820001C098 /* EventCategory.m */; };
		B7FDD1221A4B4FDD0001C098 /* ScheduleTableViewCell.m in Sources */ = {isa = PBXBuildFile; fileRef = B7FDD1211A4B4FDD0001C098 /* ScheduleTableViewCell.m */; };
/* End PBXBuildFile section */

/* Begin PBXContainerItemProxy section */
		B7B16D151A361966005267AF /* PBXContainerItemProxy */ = {
			isa = PBXContainerItemProxy;
			containerPortal = B7B16CF31A361966005267AF /* Project object */;
			proxyType = 1;
			remoteGlobalIDString = B7B16CFA1A361966005267AF;
			remoteInfo = RigaDevDay;
		};
/* End PBXContainerItemProxy section */

/* Begin PBXFileReference section */
		97F889391A49A84E00A135C9 /* SpeakersViewController.h */ = {isa = PBXFileReference; fileEncoding = 4; lastKnownFileType = sourcecode.c.h; name = SpeakersViewController.h; path = RigaDevDay/Controllers/SpeakersViewController.h; sourceTree = "<group>"; };
		97F8893A1A49A84E00A135C9 /* SpeakersViewController.m */ = {isa = PBXFileReference; fileEncoding = 4; lastKnownFileType = sourcecode.c.objc; name = SpeakersViewController.m; path = RigaDevDay/Controllers/SpeakersViewController.m; sourceTree = "<group>"; };
		97F8893C1A49B35500A135C9 /* icon_back.png */ = {isa = PBXFileReference; lastKnownFileType = image.png; path = icon_back.png; sourceTree = "<group>"; };
		97F889401A49B46E00A135C9 /* back_button_VECTOR.pdf */ = {isa = PBXFileReference; lastKnownFileType = image.pdf; path = back_button_VECTOR.pdf; sourceTree = "<group>"; };
		97F889421A49B64600A135C9 /* VenueViewController.h */ = {isa = PBXFileReference; fileEncoding = 4; lastKnownFileType = sourcecode.c.h; name = VenueViewController.h; path = Controllers/VenueViewController.h; sourceTree = "<group>"; };
		97F889431A49B64600A135C9 /* VenueViewController.m */ = {isa = PBXFileReference; fileEncoding = 4; lastKnownFileType = sourcecode.c.objc; name = VenueViewController.m; path = Controllers/VenueViewController.m; sourceTree = "<group>"; };
		97F889451A49B6D300A135C9 /* MapKit.framework */ = {isa = PBXFileReference; lastKnownFileType = wrapper.framework; name = MapKit.framework; path = System/Library/Frameworks/MapKit.framework; sourceTree = SDKROOT; };
		97F889481A49BBEF00A135C9 /* MKMapView+ZoomLevel.h */ = {isa = PBXFileReference; fileEncoding = 4; lastKnownFileType = sourcecode.c.h; name = "MKMapView+ZoomLevel.h"; path = "RigaDevDay/Libs/MKMapView+ZoomLevel.h"; sourceTree = "<group>"; };
		97F889491A49BBEF00A135C9 /* MKMapView+ZoomLevel.m */ = {isa = PBXFileReference; fileEncoding = 4; lastKnownFileType = sourcecode.c.objc; name = "MKMapView+ZoomLevel.m"; path = "RigaDevDay/Libs/MKMapView+ZoomLevel.m"; sourceTree = "<group>"; };
		B70EEB551A485258008CD9C6 /* MHTabBarController.h */ = {isa = PBXFileReference; fileEncoding = 4; lastKnownFileType = sourcecode.c.h; name = MHTabBarController.h; path = RigaDevDay/Libs/MHTabBarController/MHTabBarController.h; sourceTree = "<group>"; };
		B70EEB561A485258008CD9C6 /* MHTabBarController.m */ = {isa = PBXFileReference; fileEncoding = 4; lastKnownFileType = sourcecode.c.objc; name = MHTabBarController.m; path = RigaDevDay/Libs/MHTabBarController/MHTabBarController.m; sourceTree = "<group>"; };
		B70F60C21A483F96004EA563 /* backstage_1.jpeg */ = {isa = PBXFileReference; lastKnownFileType = image.jpeg; path = backstage_1.jpeg; sourceTree = "<group>"; };
		B70F60C31A483F96004EA563 /* backstage_10.jpeg */ = {isa = PBXFileReference; lastKnownFileType = image.jpeg; path = backstage_10.jpeg; sourceTree = "<group>"; };
		B70F60C41A483F96004EA563 /* backstage_11.jpeg */ = {isa = PBXFileReference; lastKnownFileType = image.jpeg; path = backstage_11.jpeg; sourceTree = "<group>"; };
		B70F60C51A483F96004EA563 /* backstage_12.jpeg */ = {isa = PBXFileReference; lastKnownFileType = image.jpeg; path = backstage_12.jpeg; sourceTree = "<group>"; };
		B70F60C61A483F96004EA563 /* backstage_13.jpeg */ = {isa = PBXFileReference; lastKnownFileType = image.jpeg; path = backstage_13.jpeg; sourceTree = "<group>"; };
		B70F60C71A483F96004EA563 /* backstage_14.jpeg */ = {isa = PBXFileReference; lastKnownFileType = image.jpeg; path = backstage_14.jpeg; sourceTree = "<group>"; };
		B70F60C81A483F96004EA563 /* backstage_15.jpeg */ = {isa = PBXFileReference; lastKnownFileType = image.jpeg; path = backstage_15.jpeg; sourceTree = "<group>"; };
		B70F60C91A483F96004EA563 /* backstage_16.jpeg */ = {isa = PBXFileReference; lastKnownFileType = image.jpeg; path = backstage_16.jpeg; sourceTree = "<group>"; };
		B70F60CA1A483F96004EA563 /* backstage_17.jpeg */ = {isa = PBXFileReference; lastKnownFileType = image.jpeg; path = backstage_17.jpeg; sourceTree = "<group>"; };
		B70F60CB1A483F96004EA563 /* backstage_18.jpeg */ = {isa = PBXFileReference; lastKnownFileType = image.jpeg; path = backstage_18.jpeg; sourceTree = "<group>"; };
		B70F60CC1A483F96004EA563 /* backstage_19.jpeg */ = {isa = PBXFileReference; lastKnownFileType = image.jpeg; path = backstage_19.jpeg; sourceTree = "<group>"; };
		B70F60CD1A483F96004EA563 /* backstage_2.jpeg */ = {isa = PBXFileReference; lastKnownFileType = image.jpeg; path = backstage_2.jpeg; sourceTree = "<group>"; };
		B70F60CE1A483F96004EA563 /* backstage_20.jpeg */ = {isa = PBXFileReference; lastKnownFileType = image.jpeg; path = backstage_20.jpeg; sourceTree = "<group>"; };
		B70F60CF1A483F96004EA563 /* backstage_21.jpeg */ = {isa = PBXFileReference; lastKnownFileType = image.jpeg; path = backstage_21.jpeg; sourceTree = "<group>"; };
		B70F60D01A483F96004EA563 /* backstage_22.jpeg */ = {isa = PBXFileReference; lastKnownFileType = image.jpeg; path = backstage_22.jpeg; sourceTree = "<group>"; };
		B70F60D11A483F96004EA563 /* backstage_23.jpeg */ = {isa = PBXFileReference; lastKnownFileType = image.jpeg; path = backstage_23.jpeg; sourceTree = "<group>"; };
		B70F60D21A483F96004EA563 /* backstage_24.jpeg */ = {isa = PBXFileReference; lastKnownFileType = image.jpeg; path = backstage_24.jpeg; sourceTree = "<group>"; };
		B70F60D31A483F96004EA563 /* backstage_25.jpeg */ = {isa = PBXFileReference; lastKnownFileType = image.jpeg; path = backstage_25.jpeg; sourceTree = "<group>"; };
		B70F60D41A483F96004EA563 /* backstage_26.jpeg */ = {isa = PBXFileReference; lastKnownFileType = image.jpeg; path = backstage_26.jpeg; sourceTree = "<group>"; };
		B70F60D51A483F96004EA563 /* backstage_27.jpeg */ = {isa = PBXFileReference; lastKnownFileType = image.jpeg; path = backstage_27.jpeg; sourceTree = "<group>"; };
		B70F60D61A483F96004EA563 /* backstage_28.jpeg */ = {isa = PBXFileReference; lastKnownFileType = image.jpeg; path = backstage_28.jpeg; sourceTree = "<group>"; };
		B70F60D71A483F96004EA563 /* backstage_29.jpeg */ = {isa = PBXFileReference; lastKnownFileType = image.jpeg; path = backstage_29.jpeg; sourceTree = "<group>"; };
		B70F60D81A483F96004EA563 /* backstage_3.jpeg */ = {isa = PBXFileReference; lastKnownFileType = image.jpeg; path = backstage_3.jpeg; sourceTree = "<group>"; };
		B70F60D91A483F96004EA563 /* backstage_30.jpeg */ = {isa = PBXFileReference; lastKnownFileType = image.jpeg; path = backstage_30.jpeg; sourceTree = "<group>"; };
		B70F60DA1A483F96004EA563 /* backstage_31.jpeg */ = {isa = PBXFileReference; lastKnownFileType = image.jpeg; path = backstage_31.jpeg; sourceTree = "<group>"; };
		B70F60DB1A483F96004EA563 /* backstage_4.jpeg */ = {isa = PBXFileReference; lastKnownFileType = image.jpeg; path = backstage_4.jpeg; sourceTree = "<group>"; };
		B70F60DC1A483F96004EA563 /* backstage_5.jpeg */ = {isa = PBXFileReference; lastKnownFileType = image.jpeg; path = backstage_5.jpeg; sourceTree = "<group>"; };
		B70F60DD1A483F96004EA563 /* backstage_6.jpeg */ = {isa = PBXFileReference; lastKnownFileType = image.jpeg; path = backstage_6.jpeg; sourceTree = "<group>"; };
		B70F60DE1A483F96004EA563 /* backstage_7.jpeg */ = {isa = PBXFileReference; lastKnownFileType = image.jpeg; path = backstage_7.jpeg; sourceTree = "<group>"; };
		B70F60DF1A483F96004EA563 /* backstage_8.jpeg */ = {isa = PBXFileReference; lastKnownFileType = image.jpeg; path = backstage_8.jpeg; sourceTree = "<group>"; };
		B70F60E01A483F96004EA563 /* backstage_9.jpeg */ = {isa = PBXFileReference; lastKnownFileType = image.jpeg; path = backstage_9.jpeg; sourceTree = "<group>"; };
		B70F60E11A483F96004EA563 /* icon_bookmark.png */ = {isa = PBXFileReference; lastKnownFileType = image.png; path = icon_bookmark.png; sourceTree = "<group>"; };
		B70F60E21A483F96004EA563 /* icon_bookmark_empty.png */ = {isa = PBXFileReference; lastKnownFileType = image.png; path = icon_bookmark_empty.png; sourceTree = "<group>"; };
		B70F60E31A483F96004EA563 /* icon_menu_about.png */ = {isa = PBXFileReference; lastKnownFileType = image.png; path = icon_menu_about.png; sourceTree = "<group>"; };
		B70F60E41A483F96004EA563 /* icon_menu_bookmark.png */ = {isa = PBXFileReference; lastKnownFileType = image.png; path = icon_menu_bookmark.png; sourceTree = "<group>"; };
		B70F60E51A483F96004EA563 /* icon_menu_organizers.png */ = {isa = PBXFileReference; lastKnownFileType = image.png; path = icon_menu_organizers.png; sourceTree = "<group>"; };
		B70F60E61A483F96004EA563 /* icon_menu_schedule.png */ = {isa = PBXFileReference; lastKnownFileType = image.png; path = icon_menu_schedule.png; sourceTree = "<group>"; };
		B70F60E71A483F96004EA563 /* icon_menu_speakers.png */ = {isa = PBXFileReference; lastKnownFileType = image.png; path = icon_menu_speakers.png; sourceTree = "<group>"; };
		B70F60E81A483F96004EA563 /* icon_menu_venue.png */ = {isa = PBXFileReference; lastKnownFileType = image.png; path = icon_menu_venue.png; sourceTree = "<group>"; };
		B70F60E91A483F96004EA563 /* icon_twitter.png */ = {isa = PBXFileReference; lastKnownFileType = image.png; path = icon_twitter.png; sourceTree = "<group>"; };
		B70F60EA1A483F96004EA563 /* speaker_0.png */ = {isa = PBXFileReference; lastKnownFileType = image.png; path = speaker_0.png; sourceTree = "<group>"; };
		B70F60EB1A483F96004EA563 /* speaker_1.png */ = {isa = PBXFileReference; lastKnownFileType = image.png; path = speaker_1.png; sourceTree = "<group>"; };
		B70F60EC1A483F96004EA563 /* speaker_10.png */ = {isa = PBXFileReference; lastKnownFileType = image.png; path = speaker_10.png; sourceTree = "<group>"; };
		B70F60ED1A483F96004EA563 /* speaker_11.png */ = {isa = PBXFileReference; lastKnownFileType = image.png; path = speaker_11.png; sourceTree = "<group>"; };
		B70F60EE1A483F96004EA563 /* speaker_12.png */ = {isa = PBXFileReference; lastKnownFileType = image.png; path = speaker_12.png; sourceTree = "<group>"; };
		B70F60EF1A483F96004EA563 /* speaker_13.png */ = {isa = PBXFileReference; lastKnownFileType = image.png; path = speaker_13.png; sourceTree = "<group>"; };
		B70F60F01A483F96004EA563 /* speaker_14.png */ = {isa = PBXFileReference; lastKnownFileType = image.png; path = speaker_14.png; sourceTree = "<group>"; };
		B70F60F11A483F96004EA563 /* speaker_15.png */ = {isa = PBXFileReference; lastKnownFileType = image.png; path = speaker_15.png; sourceTree = "<group>"; };
		B70F60F21A483F96004EA563 /* speaker_16.png */ = {isa = PBXFileReference; lastKnownFileType = image.png; path = speaker_16.png; sourceTree = "<group>"; };
		B70F60F31A483F96004EA563 /* speaker_17.png */ = {isa = PBXFileReference; lastKnownFileType = image.png; path = speaker_17.png; sourceTree = "<group>"; };
		B70F60F41A483F96004EA563 /* speaker_18.png */ = {isa = PBXFileReference; lastKnownFileType = image.png; path = speaker_18.png; sourceTree = "<group>"; };
		B70F60F51A483F96004EA563 /* speaker_19.png */ = {isa = PBXFileReference; lastKnownFileType = image.png; path = speaker_19.png; sourceTree = "<group>"; };
		B70F60F61A483F96004EA563 /* speaker_2.png */ = {isa = PBXFileReference; lastKnownFileType = image.png; path = speaker_2.png; sourceTree = "<group>"; };
		B70F60F71A483F96004EA563 /* speaker_20.png */ = {isa = PBXFileReference; lastKnownFileType = image.png; path = speaker_20.png; sourceTree = "<group>"; };
		B70F60F81A483F96004EA563 /* speaker_21.png */ = {isa = PBXFileReference; lastKnownFileType = image.png; path = speaker_21.png; sourceTree = "<group>"; };
		B70F60F91A483F96004EA563 /* speaker_22.png */ = {isa = PBXFileReference; lastKnownFileType = image.png; path = speaker_22.png; sourceTree = "<group>"; };
		B70F60FA1A483F96004EA563 /* speaker_23.png */ = {isa = PBXFileReference; lastKnownFileType = image.png; path = speaker_23.png; sourceTree = "<group>"; };
		B70F60FB1A483F96004EA563 /* speaker_24.png */ = {isa = PBXFileReference; lastKnownFileType = image.png; path = speaker_24.png; sourceTree = "<group>"; };
		B70F60FC1A483F96004EA563 /* speaker_25.png */ = {isa = PBXFileReference; lastKnownFileType = image.png; path = speaker_25.png; sourceTree = "<group>"; };
		B70F60FD1A483F96004EA563 /* speaker_26.png */ = {isa = PBXFileReference; lastKnownFileType = image.png; path = speaker_26.png; sourceTree = "<group>"; };
		B70F60FE1A483F96004EA563 /* speaker_27.png */ = {isa = PBXFileReference; lastKnownFileType = image.png; path = speaker_27.png; sourceTree = "<group>"; };
		B70F60FF1A483F96004EA563 /* speaker_28.png */ = {isa = PBXFileReference; lastKnownFileType = image.png; path = speaker_28.png; sourceTree = "<group>"; };
		B70F61001A483F96004EA563 /* speaker_29.png */ = {isa = PBXFileReference; lastKnownFileType = image.png; path = speaker_29.png; sourceTree = "<group>"; };
		B70F61011A483F96004EA563 /* speaker_3.png */ = {isa = PBXFileReference; lastKnownFileType = image.png; path = speaker_3.png; sourceTree = "<group>"; };
		B70F61021A483F96004EA563 /* speaker_30.png */ = {isa = PBXFileReference; lastKnownFileType = image.png; path = speaker_30.png; sourceTree = "<group>"; };
		B70F61031A483F96004EA563 /* speaker_31.png */ = {isa = PBXFileReference; lastKnownFileType = image.png; path = speaker_31.png; sourceTree = "<group>"; };
		B70F61041A483F96004EA563 /* speaker_4.png */ = {isa = PBXFileReference; lastKnownFileType = image.png; path = speaker_4.png; sourceTree = "<group>"; };
		B70F61051A483F96004EA563 /* speaker_5.png */ = {isa = PBXFileReference; lastKnownFileType = image.png; path = speaker_5.png; sourceTree = "<group>"; };
		B70F61061A483F96004EA563 /* speaker_6.png */ = {isa = PBXFileReference; lastKnownFileType = image.png; path = speaker_6.png; sourceTree = "<group>"; };
		B70F61071A483F96004EA563 /* speaker_7.png */ = {isa = PBXFileReference; lastKnownFileType = image.png; path = speaker_7.png; sourceTree = "<group>"; };
		B70F61081A483F96004EA563 /* speaker_8.png */ = {isa = PBXFileReference; lastKnownFileType = image.png; path = speaker_8.png; sourceTree = "<group>"; };
		B70F61091A483F96004EA563 /* speaker_9.png */ = {isa = PBXFileReference; lastKnownFileType = image.png; path = speaker_9.png; sourceTree = "<group>"; };
		B70F61521A484386004EA563 /* ic_drawer.png */ = {isa = PBXFileReference; lastKnownFileType = image.png; path = ic_drawer.png; sourceTree = "<group>"; };
		B70F61541A4846C6004EA563 /* ShowCaseCell.h */ = {isa = PBXFileReference; fileEncoding = 4; lastKnownFileType = sourcecode.c.h; name = ShowCaseCell.h; path = Controllers/ShowCaseCell.h; sourceTree = "<group>"; };
		B70F61551A4846C6004EA563 /* ShowCaseCell.m */ = {isa = PBXFileReference; fileEncoding = 4; lastKnownFileType = sourcecode.c.objc; name = ShowCaseCell.m; path = Controllers/ShowCaseCell.m; sourceTree = "<group>"; };
		B70F61571A4846EB004EA563 /* ShowcaseViewController.h */ = {isa = PBXFileReference; fileEncoding = 4; lastKnownFileType = sourcecode.c.h; name = ShowcaseViewController.h; path = Controllers/ShowcaseViewController.h; sourceTree = "<group>"; };
		B70F61581A4846EB004EA563 /* ShowcaseViewController.m */ = {isa = PBXFileReference; fileEncoding = 4; lastKnownFileType = sourcecode.c.objc; name = ShowcaseViewController.m; path = Controllers/ShowcaseViewController.m; sourceTree = "<group>"; };
		B71B18771A5141CC00A295B1 /* Default-568h@2x.png */ = {isa = PBXFileReference; lastKnownFileType = image.png; path = "Default-568h@2x.png"; sourceTree = "<group>"; };
		B71B18781A5141CC00A295B1 /* Default-667h@2x.png */ = {isa = PBXFileReference; lastKnownFileType = image.png; path = "Default-667h@2x.png"; sourceTree = "<group>"; };
		B71B18791A5141CC00A295B1 /* Default-Portrait-736h@3x.png */ = {isa = PBXFileReference; lastKnownFileType = image.png; path = "Default-Portrait-736h@3x.png"; sourceTree = "<group>"; };
		B71B187A1A5141CC00A295B1 /* Default-Portrait.png */ = {isa = PBXFileReference; lastKnownFileType = image.png; path = "Default-Portrait.png"; sourceTree = "<group>"; };
		B71B187B1A5141CC00A295B1 /* Default-Portrait@2x.png */ = {isa = PBXFileReference; lastKnownFileType = image.png; path = "Default-Portrait@2x.png"; sourceTree = "<group>"; };
		B71B187C1A5141CC00A295B1 /* Default.png */ = {isa = PBXFileReference; lastKnownFileType = image.png; path = Default.png; sourceTree = "<group>"; };
		B71B187D1A5141CC00A295B1 /* Default@2x.png */ = {isa = PBXFileReference; lastKnownFileType = image.png; path = "Default@2x.png"; sourceTree = "<group>"; };
		B71B18851A5142EE00A295B1 /* LaunchScreenPNG.png */ = {isa = PBXFileReference; lastKnownFileType = image.png; path = LaunchScreenPNG.png; sourceTree = "<group>"; };
		B7519A001A517F350036E2D6 /* schedule.json */ = {isa = PBXFileReference; fileEncoding = 4; lastKnownFileType = text.json; name = schedule.json; path = RigaDevDay/Resources/schedule.json; sourceTree = SOURCE_ROOT; };
		B7519A011A517F350036E2D6 /* speakers.json */ = {isa = PBXFileReference; fileEncoding = 4; lastKnownFileType = text.json; name = speakers.json; path = RigaDevDay/Resources/speakers.json; sourceTree = SOURCE_ROOT; };
		B7657A851A4DADE900EDAA28 /* Hall_imag.png */ = {isa = PBXFileReference; lastKnownFileType = image.png; path = Hall_imag.png; sourceTree = "<group>"; };
		B7657A871A4DAEA900EDAA28 /* Hall_imag@2x.png */ = {isa = PBXFileReference; lastKnownFileType = image.png; path = "Hall_imag@2x.png"; sourceTree = "<group>"; };
		B7657A881A4DAEA900EDAA28 /* Hall_imag@3x.png */ = {isa = PBXFileReference; lastKnownFileType = image.png; path = "Hall_imag@3x.png"; sourceTree = "<group>"; };
		B7B16CFB1A361966005267AF /* RigaDevDay.app */ = {isa = PBXFileReference; explicitFileType = wrapper.application; includeInIndex = 0; path = RigaDevDay.app; sourceTree = BUILT_PRODUCTS_DIR; };
		B7B16CFF1A361966005267AF /* Info.plist */ = {isa = PBXFileReference; lastKnownFileType = text.plist.xml; path = Info.plist; sourceTree = "<group>"; };
		B7B16D001A361966005267AF /* main.m */ = {isa = PBXFileReference; lastKnownFileType = sourcecode.c.objc; path = main.m; sourceTree = "<group>"; };
		B7B16D021A361966005267AF /* AppDelegate.h */ = {isa = PBXFileReference; lastKnownFileType = sourcecode.c.h; path = AppDelegate.h; sourceTree = "<group>"; };
		B7B16D031A361966005267AF /* AppDelegate.m */ = {isa = PBXFileReference; lastKnownFileType = sourcecode.c.objc; path = AppDelegate.m; sourceTree = "<group>"; };
		B7B16D091A361966005267AF /* Base */ = {isa = PBXFileReference; lastKnownFileType = file.storyboard; name = Base; path = Base.lproj/Main.storyboard; sourceTree = "<group>"; };
		B7B16D0B1A361966005267AF /* Images.xcassets */ = {isa = PBXFileReference; lastKnownFileType = folder.assetcatalog; path = Images.xcassets; sourceTree = "<group>"; };
		B7B16D0E1A361966005267AF /* Base */ = {isa = PBXFileReference; lastKnownFileType = file.xib; name = Base; path = Base.lproj/LaunchScreen.xib; sourceTree = "<group>"; };
		B7B16D141A361966005267AF /* RigaDevDayTests.xctest */ = {isa = PBXFileReference; explicitFileType = wrapper.cfbundle; includeInIndex = 0; path = RigaDevDayTests.xctest; sourceTree = BUILT_PRODUCTS_DIR; };
		B7B16D191A361966005267AF /* Info.plist */ = {isa = PBXFileReference; lastKnownFileType = text.plist.xml; path = Info.plist; sourceTree = "<group>"; };
		B7B16D1A1A361966005267AF /* RigaDevDayTests.m */ = {isa = PBXFileReference; lastKnownFileType = sourcecode.c.objc; path = RigaDevDayTests.m; sourceTree = "<group>"; };
		B7B16D281A361B2D005267AF /* SpeakerInfoViewController.h */ = {isa = PBXFileReference; fileEncoding = 4; lastKnownFileType = sourcecode.c.h; name = SpeakerInfoViewController.h; path = RigaDevDay/Controllers/SpeakerInfoViewController.h; sourceTree = "<group>"; };
		B7B16D291A361B2D005267AF /* SpeakerInfoViewController.m */ = {isa = PBXFileReference; fileEncoding = 4; lastKnownFileType = sourcecode.c.objc; name = SpeakerInfoViewController.m; path = RigaDevDay/Controllers/SpeakerInfoViewController.m; sourceTree = "<group>"; };
		B7B16D2C1A361B7A005267AF /* SpeechInfoViewController.h */ = {isa = PBXFileReference; fileEncoding = 4; lastKnownFileType = sourcecode.c.h; name = SpeechInfoViewController.h; path = RigaDevDay/Controllers/SpeechInfoViewController.h; sourceTree = "<group>"; };
		B7B16D2D1A361B7A005267AF /* SpeechInfoViewController.m */ = {isa = PBXFileReference; fileEncoding = 4; lastKnownFileType = sourcecode.c.objc; name = SpeechInfoViewController.m; path = RigaDevDay/Controllers/SpeechInfoViewController.m; sourceTree = "<group>"; };
		B7B16D301A361BAC005267AF /* ScheduleViewController.h */ = {isa = PBXFileReference; fileEncoding = 4; lastKnownFileType = sourcecode.c.h; name = ScheduleViewController.h; path = RigaDevDay/Controllers/ScheduleViewController.h; sourceTree = "<group>"; };
		B7B16D311A361BAC005267AF /* ScheduleViewController.m */ = {isa = PBXFileReference; fileEncoding = 4; lastKnownFileType = sourcecode.c.objc; name = ScheduleViewController.m; path = RigaDevDay/Controllers/ScheduleViewController.m; sourceTree = "<group>"; };
		B7B16D341A361BD0005267AF /* BookmarksViewController.h */ = {isa = PBXFileReference; fileEncoding = 4; lastKnownFileType = sourcecode.c.h; name = BookmarksViewController.h; path = RigaDevDay/Controllers/BookmarksViewController.h; sourceTree = "<group>"; };
		B7B16D351A361BD0005267AF /* BookmarksViewController.m */ = {isa = PBXFileReference; fileEncoding = 4; lastKnownFileType = sourcecode.c.objc; name = BookmarksViewController.m; path = RigaDevDay/Controllers/BookmarksViewController.m; sourceTree = "<group>"; };
		B7B16D381A361BE8005267AF /* AboutViewController.h */ = {isa = PBXFileReference; fileEncoding = 4; lastKnownFileType = sourcecode.c.h; name = AboutViewController.h; path = RigaDevDay/Controllers/AboutViewController.h; sourceTree = "<group>"; };
		B7B16D391A361BE8005267AF /* AboutViewController.m */ = {isa = PBXFileReference; fileEncoding = 4; lastKnownFileType = sourcecode.c.objc; name = AboutViewController.m; path = RigaDevDay/Controllers/AboutViewController.m; sourceTree = "<group>"; };
		B7B16D3C1A361D16005267AF /* DataManager.h */ = {isa = PBXFileReference; fileEncoding = 4; lastKnownFileType = sourcecode.c.h; name = DataManager.h; path = CustomClasses/DataManager.h; sourceTree = "<group>"; };
		B7B16D3D1A361D16005267AF /* DataManager.m */ = {isa = PBXFileReference; fileEncoding = 4; lastKnownFileType = sourcecode.c.objc; name = DataManager.m; path = CustomClasses/DataManager.m; sourceTree = "<group>"; };
		B7B16D401A361D33005267AF /* EventObject.h */ = {isa = PBXFileReference; fileEncoding = 4; lastKnownFileType = sourcecode.c.h; name = EventObject.h; path = CustomClasses/EventObject.h; sourceTree = "<group>"; };
		B7B16D411A361D33005267AF /* EventObject.m */ = {isa = PBXFileReference; fileEncoding = 4; lastKnownFileType = sourcecode.c.objc; name = EventObject.m; path = CustomClasses/EventObject.m; sourceTree = "<group>"; };
		B7B16D451A361D75005267AF /* ScheduleObject.h */ = {isa = PBXFileReference; fileEncoding = 4; lastKnownFileType = sourcecode.c.h; name = ScheduleObject.h; path = CustomClasses/ScheduleObject.h; sourceTree = "<group>"; };
		B7B16D461A361D75005267AF /* ScheduleObject.m */ = {isa = PBXFileReference; fileEncoding = 4; lastKnownFileType = sourcecode.c.objc; name = ScheduleObject.m; path = CustomClasses/ScheduleObject.m; sourceTree = "<group>"; };
		B7B16D4A1A361DDA005267AF /* SpeakerObject.h */ = {isa = PBXFileReference; fileEncoding = 4; lastKnownFileType = sourcecode.c.h; name = SpeakerObject.h; path = CustomClasses/SpeakerObject.h; sourceTree = "<group>"; };
		B7B16D4B1A361DDA005267AF /* SpeakerObject.m */ = {isa = PBXFileReference; fileEncoding = 4; lastKnownFileType = sourcecode.c.objc; name = SpeakerObject.m; path = CustomClasses/SpeakerObject.m; sourceTree = "<group>"; };
		B7B16D4D1A36201B005267AF /* SWRevealViewController.h */ = {isa = PBXFileReference; fileEncoding = 4; lastKnownFileType = sourcecode.c.h; name = SWRevealViewController.h; path = RigaDevDay/Libs/SWRevealViewController/SWRevealViewController.h; sourceTree = "<group>"; };
		B7B16D4E1A36201B005267AF /* SWRevealViewController.m */ = {isa = PBXFileReference; fileEncoding = 4; lastKnownFileType = sourcecode.c.objc; name = SWRevealViewController.m; path = RigaDevDay/Libs/SWRevealViewController/SWRevealViewController.m; sourceTree = "<group>"; };
		B7B16D531A362646005267AF /* NavigationViewController.h */ = {isa = PBXFileReference; fileEncoding = 4; lastKnownFileType = sourcecode.c.h; name = NavigationViewController.h; path = Controllers/NavigationViewController.h; sourceTree = "<group>"; };
		B7B16D541A362646005267AF /* NavigationViewController.m */ = {isa = PBXFileReference; fileEncoding = 4; lastKnownFileType = sourcecode.c.objc; name = NavigationViewController.m; path = Controllers/NavigationViewController.m; sourceTree = "<group>"; };
		B7FA0F1B1A4C731F002BD598 /* GlobalMetupTableViewCell.h */ = {isa = PBXFileReference; fileEncoding = 4; lastKnownFileType = sourcecode.c.h; name = GlobalMetupTableViewCell.h; path = RigaDevDay/Controllers/GlobalMetupTableViewCell.h; sourceTree = "<group>"; };
		B7FA0F1C1A4C731F002BD598 /* GlobalMetupTableViewCell.m */ = {isa = PBXFileReference; fileEncoding = 4; lastKnownFileType = sourcecode.c.objc; name = GlobalMetupTableViewCell.m; path = RigaDevDay/Controllers/GlobalMetupTableViewCell.m; sourceTree = "<group>"; };
		B7FDD09B1A4ABB1B0001C098 /* OrganizersViewController.h */ = {isa = PBXFileReference; fileEncoding = 4; lastKnownFileType = sourcecode.c.h; name = OrganizersViewController.h; path = Controllers/OrganizersViewController.h; sourceTree = "<group>"; };
		B7FDD09C1A4ABB1B0001C098 /* OrganizersViewController.m */ = {isa = PBXFileReference; fileEncoding = 4; lastKnownFileType = sourcecode.c.objc; name = OrganizersViewController.m; path = Controllers/OrganizersViewController.m; sourceTree = "<group>"; };
		B7FDD0A61A4ABFFE0001C098 /* OrganizersTableViewCell.h */ = {isa = PBXFileReference; fileEncoding = 4; lastKnownFileType = sourcecode.c.h; name = OrganizersTableViewCell.h; path = Controllers/OrganizersTableViewCell.h; sourceTree = "<group>"; };
		B7FDD0A71A4ABFFE0001C098 /* OrganizersTableViewCell.m */ = {isa = PBXFileReference; fileEncoding = 4; lastKnownFileType = sourcecode.c.objc; name = OrganizersTableViewCell.m; path = Controllers/OrganizersTableViewCell.m; sourceTree = "<group>"; };
		B7FDD0AA1A4AC1560001C098 /* 4finance_logo.png */ = {isa = PBXFileReference; lastKnownFileType = image.png; path = 4finance_logo.png; sourceTree = "<group>"; };
		B7FDD0AB1A4AC1560001C098 /* accenture.png */ = {isa = PBXFileReference; lastKnownFileType = image.png; path = accenture.png; sourceTree = "<group>"; };
		B7FDD0AC1A4AC1560001C098 /* ctco_logo.png */ = {isa = PBXFileReference; lastKnownFileType = image.png; path = ctco_logo.png; sourceTree = "<group>"; };
		B7FDD0AD1A4AC1560001C098 /* devclub.png */ = {isa = PBXFileReference; lastKnownFileType = image.png; path = devclub.png; sourceTree = "<group>"; };
		B7FDD0AE1A4AC1560001C098 /* enjoy.png */ = {isa = PBXFileReference; lastKnownFileType = image.png; path = enjoy.png; sourceTree = "<group>"; };
		B7FDD0AF1A4AC1560001C098 /* gdg-riga.png */ = {isa = PBXFileReference; lastKnownFileType = image.png; path = "gdg-riga.png"; sourceTree = "<group>"; };
		B7FDD0B01A4AC1560001C098 /* gi.png */ = {isa = PBXFileReference; lastKnownFileType = image.png; path = gi.png; sourceTree = "<group>"; };
		B7FDD0B11A4AC1560001C098 /* github.png */ = {isa = PBXFileReference; lastKnownFileType = image.png; path = github.png; sourceTree = "<group>"; };
		B7FDD0B21A4AC1560001C098 /* google.png */ = {isa = PBXFileReference; lastKnownFileType = image.png; path = google.png; sourceTree = "<group>"; };
		B7FDD0B31A4AC1560001C098 /* gtug_sthlm.png */ = {isa = PBXFileReference; lastKnownFileType = image.png; path = gtug_sthlm.png; sourceTree = "<group>"; };
		B7FDD0B41A4AC1560001C098 /* idea-port-riga.png */ = {isa = PBXFileReference; lastKnownFileType = image.png; path = "idea-port-riga.png"; sourceTree = "<group>"; };
		B7FDD0B51A4AC1560001C098 /* innowate.png */ = {isa = PBXFileReference; lastKnownFileType = image.png; path = innowate.png; sourceTree = "<group>"; };
		B7FDD0B61A4AC1560001C098 /* javaguru.png */ = {isa = PBXFileReference; lastKnownFileType = image.png; path = javaguru.png; sourceTree = "<group>"; };
		B7FDD0B71A4AC1560001C098 /* jug-kpi.png */ = {isa = PBXFileReference; lastKnownFileType = image.png; path = "jug-kpi.png"; sourceTree = "<group>"; };
		B7FDD0B81A4AC1560001C098 /* jug.png */ = {isa = PBXFileReference; lastKnownFileType = image.png; path = jug.png; sourceTree = "<group>"; };
		B7FDD0B91A4AC1560001C098 /* jug_kaunas.png */ = {isa = PBXFileReference; lastKnownFileType = image.png; path = jug_kaunas.png; sourceTree = "<group>"; };
		B7FDD0BA1A4AC1560001C098 /* jug_vilnius.png */ = {isa = PBXFileReference; lastKnownFileType = image.png; path = jug_vilnius.png; sourceTree = "<group>"; };
		B7FDD0BB1A4AC1560001C098 /* kursors.png */ = {isa = PBXFileReference; lastKnownFileType = image.png; path = kursors.png; sourceTree = "<group>"; };
		B7FDD0BC1A4AC1560001C098 /* ldn.png */ = {isa = PBXFileReference; lastKnownFileType = image.png; path = ldn.png; sourceTree = "<group>"; };
		B7FDD0BD1A4AC1560001C098 /* lvoug.png */ = {isa = PBXFileReference; lastKnownFileType = image.png; path = lvoug.png; sourceTree = "<group>"; };
		B7FDD0BE1A4AC1560001C098 /* neueda.png */ = {isa = PBXFileReference; lastKnownFileType = image.png; path = neueda.png; sourceTree = "<group>"; };
		B7FDD0BF1A4AC1560001C098 /* ok_logo.png */ = {isa = PBXFileReference; lastKnownFileType = image.png; path = ok_logo.png; sourceTree = "<group>"; };
		B7FDD0C01A4AC1560001C098 /* openshift.png */ = {isa = PBXFileReference; lastKnownFileType = image.png; path = openshift.png; sourceTree = "<group>"; };
		B7FDD0C11A4AC1560001C098 /* oraclepress.png */ = {isa = PBXFileReference; lastKnownFileType = image.png; path = oraclepress.png; sourceTree = "<group>"; };
		B7FDD0C21A4AC1560001C098 /* oreilly.jpg */ = {isa = PBXFileReference; lastKnownFileType = image.jpeg; path = oreilly.jpg; sourceTree = "<group>"; };
		B7FDD0C31A4AC1560001C098 /* ouge.png */ = {isa = PBXFileReference; lastKnownFileType = image.png; path = ouge.png; sourceTree = "<group>"; };
		B7FDD0C41A4AC1560001C098 /* pluralsight.png */ = {isa = PBXFileReference; lastKnownFileType = image.png; path = pluralsight.png; sourceTree = "<group>"; };
		B7FDD0C51A4AC1560001C098 /* progmeistars.png */ = {isa = PBXFileReference; lastKnownFileType = image.png; path = progmeistars.png; sourceTree = "<group>"; };
		B7FDD0C61A4AC1560001C098 /* riga-comm.png */ = {isa = PBXFileReference; lastKnownFileType = image.png; path = "riga-comm.png"; sourceTree = "<group>"; };
		B7FDD0C71A4AC1560001C098 /* rubylight.png */ = {isa = PBXFileReference; lastKnownFileType = image.png; path = rubylight.png; sourceTree = "<group>"; };
		B7FDD0C81A4AC1560001C098 /* startup-latvia.png */ = {isa = PBXFileReference; lastKnownFileType = image.png; path = "startup-latvia.png"; sourceTree = "<group>"; };
		B7FDD0C91A4AC1560001C098 /* startuphunt.png */ = {isa = PBXFileReference; lastKnownFileType = image.png; path = startuphunt.png; sourceTree = "<group>"; };
		B7FDD0CA1A4AC1560001C098 /* techhub.png */ = {isa = PBXFileReference; lastKnownFileType = image.png; path = techhub.png; sourceTree = "<group>"; };
		B7FDD0EC1A4B16A40001C098 /* SystemConfiguration.framework */ = {isa = PBXFileReference; lastKnownFileType = wrapper.framework; name = SystemConfiguration.framework; path = System/Library/Frameworks/SystemConfiguration.framework; sourceTree = SDKROOT; };
		B7FDD1121A4B21110001C098 /* SpeakerTableViewCell.h */ = {isa = PBXFileReference; fileEncoding = 4; lastKnownFileType = sourcecode.c.h; name = SpeakerTableViewCell.h; path = RigaDevDay/Controllers/SpeakerTableViewCell.h; sourceTree = "<group>"; };
		B7FDD1131A4B21110001C098 /* SpeakerTableViewCell.m */ = {isa = PBXFileReference; fileEncoding = 4; lastKnownFileType = sourcecode.c.objc; name = SpeakerTableViewCell.m; path = RigaDevDay/Controllers/SpeakerTableViewCell.m; sourceTree = "<group>"; };
		B7FDD11D1A4B45820001C098 /* EventCategory.h */ = {isa = PBXFileReference; fileEncoding = 4; lastKnownFileType = sourcecode.c.h; name = EventCategory.h; path = CustomClasses/EventCategory.h; sourceTree = "<group>"; };
		B7FDD11E1A4B45820001C098 /* EventCategory.m */ = {isa = PBXFileReference; fileEncoding = 4; lastKnownFileType = sourcecode.c.objc; name = EventCategory.m; path = CustomClasses/EventCategory.m; sourceTree = "<group>"; };
		B7FDD1201A4B4FDD0001C098 /* ScheduleTableViewCell.h */ = {isa = PBXFileReference; fileEncoding = 4; lastKnownFileType = sourcecode.c.h; name = ScheduleTableViewCell.h; path = RigaDevDay/Controllers/ScheduleTableViewCell.h; sourceTree = "<group>"; };
		B7FDD1211A4B4FDD0001C098 /* ScheduleTableViewCell.m */ = {isa = PBXFileReference; fileEncoding = 4; lastKnownFileType = sourcecode.c.objc; name = ScheduleTableViewCell.m; path = RigaDevDay/Controllers/ScheduleTableViewCell.m; sourceTree = "<group>"; };
/* End PBXFileReference section */

/* Begin PBXFrameworksBuildPhase section */
		B7B16CF81A361966005267AF /* Frameworks */ = {
			isa = PBXFrameworksBuildPhase;
			buildActionMask = 2147483647;
			files = (
				97F889461A49B6D300A135C9 /* MapKit.framework in Frameworks */,
			);
			runOnlyForDeploymentPostprocessing = 0;
		};
		B7B16D111A361966005267AF /* Frameworks */ = {
			isa = PBXFrameworksBuildPhase;
			buildActionMask = 2147483647;
			files = (
			);
			runOnlyForDeploymentPostprocessing = 0;
		};
/* End PBXFrameworksBuildPhase section */

/* Begin PBXGroup section */
		97F889471A49B6D900A135C9 /* Venue */ = {
			isa = PBXGroup;
			children = (
				97F889421A49B64600A135C9 /* VenueViewController.h */,
				97F889431A49B64600A135C9 /* VenueViewController.m */,
			);
			name = Venue;
			sourceTree = "<group>";
		};
		97F8894B1A49BBF900A135C9 /* MapView + Zoom */ = {
			isa = PBXGroup;
			children = (
				97F889481A49BBEF00A135C9 /* MKMapView+ZoomLevel.h */,
				97F889491A49BBEF00A135C9 /* MKMapView+ZoomLevel.m */,
			);
			name = "MapView + Zoom";
			sourceTree = "<group>";
		};
		B70EEB581A48525F008CD9C6 /* MHTabBarController */ = {
			isa = PBXGroup;
			children = (
				B70EEB551A485258008CD9C6 /* MHTabBarController.h */,
				B70EEB561A485258008CD9C6 /* MHTabBarController.m */,
			);
			name = MHTabBarController;
			sourceTree = "<group>";
		};
		B70F60C11A483F96004EA563 /* drawable */ = {
			isa = PBXGroup;
			children = (
				B70F60C21A483F96004EA563 /* backstage_1.jpeg */,
				B70F60C31A483F96004EA563 /* backstage_10.jpeg */,
				B70F60C41A483F96004EA563 /* backstage_11.jpeg */,
				B70F60C51A483F96004EA563 /* backstage_12.jpeg */,
				97F8893C1A49B35500A135C9 /* icon_back.png */,
				B70F60C61A483F96004EA563 /* backstage_13.jpeg */,
				B70F60C71A483F96004EA563 /* backstage_14.jpeg */,
				B70F60C81A483F96004EA563 /* backstage_15.jpeg */,
				B70F60C91A483F96004EA563 /* backstage_16.jpeg */,
				97F889401A49B46E00A135C9 /* back_button_VECTOR.pdf */,
				B70F60CA1A483F96004EA563 /* backstage_17.jpeg */,
				B70F60CB1A483F96004EA563 /* backstage_18.jpeg */,
				B70F60CC1A483F96004EA563 /* backstage_19.jpeg */,
				B70F60CD1A483F96004EA563 /* backstage_2.jpeg */,
				B70F60CE1A483F96004EA563 /* backstage_20.jpeg */,
				B70F60CF1A483F96004EA563 /* backstage_21.jpeg */,
				B70F60D01A483F96004EA563 /* backstage_22.jpeg */,
				B70F60D11A483F96004EA563 /* backstage_23.jpeg */,
				B70F60D21A483F96004EA563 /* backstage_24.jpeg */,
				B70F60D31A483F96004EA563 /* backstage_25.jpeg */,
				B70F60D41A483F96004EA563 /* backstage_26.jpeg */,
				B70F60D51A483F96004EA563 /* backstage_27.jpeg */,
				B70F60D61A483F96004EA563 /* backstage_28.jpeg */,
				B70F60D71A483F96004EA563 /* backstage_29.jpeg */,
				B70F60D81A483F96004EA563 /* backstage_3.jpeg */,
				B7657A851A4DADE900EDAA28 /* Hall_imag.png */,
				B70F60D91A483F96004EA563 /* backstage_30.jpeg */,
				B70F60DA1A483F96004EA563 /* backstage_31.jpeg */,
				B70F60DB1A483F96004EA563 /* backstage_4.jpeg */,
				B70F60DC1A483F96004EA563 /* backstage_5.jpeg */,
				B7657A871A4DAEA900EDAA28 /* Hall_imag@2x.png */,
				B7657A881A4DAEA900EDAA28 /* Hall_imag@3x.png */,
				B70F60DD1A483F96004EA563 /* backstage_6.jpeg */,
				B70F60DE1A483F96004EA563 /* backstage_7.jpeg */,
				B70F60DF1A483F96004EA563 /* backstage_8.jpeg */,
				B70F61521A484386004EA563 /* ic_drawer.png */,
				B70F60E01A483F96004EA563 /* backstage_9.jpeg */,
				B70F60E11A483F96004EA563 /* icon_bookmark.png */,
				B70F60E21A483F96004EA563 /* icon_bookmark_empty.png */,
				B70F60E31A483F96004EA563 /* icon_menu_about.png */,
				B70F60E41A483F96004EA563 /* icon_menu_bookmark.png */,
				B70F60E51A483F96004EA563 /* icon_menu_organizers.png */,
				B70F60E61A483F96004EA563 /* icon_menu_schedule.png */,
				B70F60E71A483F96004EA563 /* icon_menu_speakers.png */,
				B70F60E81A483F96004EA563 /* icon_menu_venue.png */,
				B70F60E91A483F96004EA563 /* icon_twitter.png */,
				B70F60EA1A483F96004EA563 /* speaker_0.png */,
				B70F60EB1A483F96004EA563 /* speaker_1.png */,
				B70F60EC1A483F96004EA563 /* speaker_10.png */,
				B70F60ED1A483F96004EA563 /* speaker_11.png */,
				B70F60EE1A483F96004EA563 /* speaker_12.png */,
				B70F60EF1A483F96004EA563 /* speaker_13.png */,
				B70F60F01A483F96004EA563 /* speaker_14.png */,
				B70F60F11A483F96004EA563 /* speaker_15.png */,
				B70F60F21A483F96004EA563 /* speaker_16.png */,
				B70F60F31A483F96004EA563 /* speaker_17.png */,
				B70F60F41A483F96004EA563 /* speaker_18.png */,
				B70F60F51A483F96004EA563 /* speaker_19.png */,
				B70F60F61A483F96004EA563 /* speaker_2.png */,
				B70F60F71A483F96004EA563 /* speaker_20.png */,
				B70F60F81A483F96004EA563 /* speaker_21.png */,
				B70F60F91A483F96004EA563 /* speaker_22.png */,
				B70F60FA1A483F96004EA563 /* speaker_23.png */,
				B70F60FB1A483F96004EA563 /* speaker_24.png */,
				B70F60FC1A483F96004EA563 /* speaker_25.png */,
				B70F60FD1A483F96004EA563 /* speaker_26.png */,
				B70F60FE1A483F96004EA563 /* speaker_27.png */,
				B70F60FF1A483F96004EA563 /* speaker_28.png */,
				B70F61001A483F96004EA563 /* speaker_29.png */,
				B70F61011A483F96004EA563 /* speaker_3.png */,
				B70F61021A483F96004EA563 /* speaker_30.png */,
				B70F61031A483F96004EA563 /* speaker_31.png */,
				B70F61041A483F96004EA563 /* speaker_4.png */,
				B70F61051A483F96004EA563 /* speaker_5.png */,
				B70F61061A483F96004EA563 /* speaker_6.png */,
				B70F61071A483F96004EA563 /* speaker_7.png */,
				B70F61081A483F96004EA563 /* speaker_8.png */,
				B70F61091A483F96004EA563 /* speaker_9.png */,
			);
			name = drawable;
			path = Resources/drawable;
			sourceTree = "<group>";
		};
		B71B18761A5141CC00A295B1 /* launchScreens */ = {
			isa = PBXGroup;
			children = (
				B71B18771A5141CC00A295B1 /* Default-568h@2x.png */,
				B71B18851A5142EE00A295B1 /* LaunchScreenPNG.png */,
				B71B18781A5141CC00A295B1 /* Default-667h@2x.png */,
				B71B18791A5141CC00A295B1 /* Default-Portrait-736h@3x.png */,
				B71B187A1A5141CC00A295B1 /* Default-Portrait.png */,
				B71B187B1A5141CC00A295B1 /* Default-Portrait@2x.png */,
				B71B187C1A5141CC00A295B1 /* Default.png */,
				B71B187D1A5141CC00A295B1 /* Default@2x.png */,
			);
			name = launchScreens;
			path = Resources/launchScreens;
			sourceTree = "<group>";
		};
		B7B16CF21A361966005267AF = {
			isa = PBXGroup;
			children = (
				B7B16CFD1A361966005267AF /* RigaDevDay */,
				B7B16D171A361966005267AF /* RigaDevDayTests */,
			);
			sourceTree = "<group>";
		};
		B7B16CFC1A361966005267AF /* Products */ = {
			isa = PBXGroup;
			children = (
				B7B16CFB1A361966005267AF /* RigaDevDay.app */,
				B7B16D141A361966005267AF /* RigaDevDayTests.xctest */,
			);
			name = Products;
			path = ..;
			sourceTree = "<group>";
		};
		B7B16CFD1A361966005267AF /* RigaDevDay */ = {
			isa = PBXGroup;
			children = (
				B7B16D261A361A46005267AF /* Controllers */,
				B7B16D3F1A361D19005267AF /* CustomClasses */,
				B7B16D501A36201F005267AF /* Libs */,
				B7B16CFE1A361966005267AF /* Supporting Files */,
			);
			path = RigaDevDay;
			sourceTree = "<group>";
		};
		B7B16CFE1A361966005267AF /* Supporting Files */ = {
			isa = PBXGroup;
			children = (
				B7B16D241A3619B0005267AF /* Resources */,
				B7B16CFC1A361966005267AF /* Products */,
				B7B16D021A361966005267AF /* AppDelegate.h */,
				B7B16D031A361966005267AF /* AppDelegate.m */,
				B7B16CFF1A361966005267AF /* Info.plist */,
				B7B16D001A361966005267AF /* main.m */,
			);
			name = "Supporting Files";
			sourceTree = "<group>";
		};
		B7B16D171A361966005267AF /* RigaDevDayTests */ = {
			isa = PBXGroup;
			children = (
				B7B16D1A1A361966005267AF /* RigaDevDayTests.m */,
				B7B16D181A361966005267AF /* Supporting Files */,
			);
			path = RigaDevDayTests;
			sourceTree = "<group>";
		};
		B7B16D181A361966005267AF /* Supporting Files */ = {
			isa = PBXGroup;
			children = (
				B7B16D191A361966005267AF /* Info.plist */,
			);
			name = "Supporting Files";
			sourceTree = "<group>";
		};
		B7B16D241A3619B0005267AF /* Resources */ = {
			isa = PBXGroup;
			children = (
				B7519A001A517F350036E2D6 /* schedule.json */,
				B7519A011A517F350036E2D6 /* speakers.json */,
				B7FDD0A91A4AC1560001C098 /* OrganizersLogo */,
				B7B16D0B1A361966005267AF /* Images.xcassets */,
				B70F60C11A483F96004EA563 /* drawable */,
				B7B16D251A3619C8005267AF /* LaunchSceen */,
			);
			name = Resources;
			sourceTree = "<group>";
		};
		B7B16D251A3619C8005267AF /* LaunchSceen */ = {
			isa = PBXGroup;
			children = (
				B71B18761A5141CC00A295B1 /* launchScreens */,
				B7B16D0D1A361966005267AF /* LaunchScreen.xib */,
			);
			name = LaunchSceen;
			sourceTree = "<group>";
		};
		B7B16D261A361A46005267AF /* Controllers */ = {
			isa = PBXGroup;
			children = (
				B7B16D3B1A361BEB005267AF /* About */,
				B7B16D371A361BD3005267AF /* Bookmarks */,
				B7B16D331A361BAF005267AF /* Schedule */,
				B7B16D2F1A361B7E005267AF /* SpeechInfo */,
				97F889471A49B6D900A135C9 /* Venue */,
				B7B16D2B1A361B32005267AF /* Speakers */,
				B7B16D271A361A52005267AF /* Showcase */,
				B7B16D561A36264B005267AF /* Navigation */,
				B7FDD09E1A4ABB200001C098 /* Organizers */,
				B7FDD0A21A4ABD450001C098 /* WebView */,
				B7B16D081A361966005267AF /* Main.storyboard */,
			);
			name = Controllers;
			sourceTree = "<group>";
		};
		B7B16D271A361A52005267AF /* Showcase */ = {
			isa = PBXGroup;
			children = (
				B70F61541A4846C6004EA563 /* ShowCaseCell.h */,
				B70F61551A4846C6004EA563 /* ShowCaseCell.m */,
				B70F61571A4846EB004EA563 /* ShowcaseViewController.h */,
				B70F61581A4846EB004EA563 /* ShowcaseViewController.m */,
			);
			name = Showcase;
			sourceTree = "<group>";
		};
		B7B16D2B1A361B32005267AF /* Speakers */ = {
			isa = PBXGroup;
			children = (
				97F889391A49A84E00A135C9 /* SpeakersViewController.h */,
				97F8893A1A49A84E00A135C9 /* SpeakersViewController.m */,
				B7B16D281A361B2D005267AF /* SpeakerInfoViewController.h */,
				B7B16D291A361B2D005267AF /* SpeakerInfoViewController.m */,
				B7FDD1121A4B21110001C098 /* SpeakerTableViewCell.h */,
				B7FDD1131A4B21110001C098 /* SpeakerTableViewCell.m */,
			);
			name = Speakers;
			path = ..;
			sourceTree = "<group>";
		};
		B7B16D2F1A361B7E005267AF /* SpeechInfo */ = {
			isa = PBXGroup;
			children = (
				B7B16D2C1A361B7A005267AF /* SpeechInfoViewController.h */,
				B7B16D2D1A361B7A005267AF /* SpeechInfoViewController.m */,
			);
			name = SpeechInfo;
			path = ..;
			sourceTree = "<group>";
		};
		B7B16D331A361BAF005267AF /* Schedule */ = {
			isa = PBXGroup;
			children = (
				B7B16D301A361BAC005267AF /* ScheduleViewController.h */,
				B7B16D311A361BAC005267AF /* ScheduleViewController.m */,
				B7FDD1201A4B4FDD0001C098 /* ScheduleTableViewCell.h */,
				B7FDD1211A4B4FDD0001C098 /* ScheduleTableViewCell.m */,
				B7FA0F1B1A4C731F002BD598 /* GlobalMetupTableViewCell.h */,
				B7FA0F1C1A4C731F002BD598 /* GlobalMetupTableViewCell.m */,
			);
			name = Schedule;
			path = ..;
			sourceTree = "<group>";
		};
		B7B16D371A361BD3005267AF /* Bookmarks */ = {
			isa = PBXGroup;
			children = (
				B7B16D341A361BD0005267AF /* BookmarksViewController.h */,
				B7B16D351A361BD0005267AF /* BookmarksViewController.m */,
			);
			name = Bookmarks;
			path = ..;
			sourceTree = "<group>";
		};
		B7B16D3B1A361BEB005267AF /* About */ = {
			isa = PBXGroup;
			children = (
				B7B16D381A361BE8005267AF /* AboutViewController.h */,
				B7B16D391A361BE8005267AF /* AboutViewController.m */,
			);
			name = About;
			path = ..;
			sourceTree = "<group>";
		};
		B7B16D3F1A361D19005267AF /* CustomClasses */ = {
			isa = PBXGroup;
			children = (
				B7B16D431A361D37005267AF /* DataManager */,
				B7B16D481A361D78005267AF /* Objects */,
			);
			name = CustomClasses;
			sourceTree = "<group>";
		};
		B7B16D431A361D37005267AF /* DataManager */ = {
			isa = PBXGroup;
			children = (
				B7B16D3C1A361D16005267AF /* DataManager.h */,
				B7B16D3D1A361D16005267AF /* DataManager.m */,
			);
			name = DataManager;
			sourceTree = "<group>";
		};
		B7B16D481A361D78005267AF /* Objects */ = {
			isa = PBXGroup;
			children = (
				B7FDD11D1A4B45820001C098 /* EventCategory.h */,
				B7FDD11E1A4B45820001C098 /* EventCategory.m */,
				B7B16D401A361D33005267AF /* EventObject.h */,
				B7B16D411A361D33005267AF /* EventObject.m */,
				B7B16D4A1A361DDA005267AF /* SpeakerObject.h */,
				B7B16D4B1A361DDA005267AF /* SpeakerObject.m */,
				B7B16D451A361D75005267AF /* ScheduleObject.h */,
				B7B16D461A361D75005267AF /* ScheduleObject.m */,
			);
			name = Objects;
			sourceTree = "<group>";
		};
		B7B16D501A36201F005267AF /* Libs */ = {
			isa = PBXGroup;
			children = (
				B7FDD0EC1A4B16A40001C098 /* SystemConfiguration.framework */,
				97F889451A49B6D300A135C9 /* MapKit.framework */,
				97F8894B1A49BBF900A135C9 /* MapView + Zoom */,
				B70EEB581A48525F008CD9C6 /* MHTabBarController */,
				B7B16D521A362056005267AF /* SlideOutController */,
			);
			name = Libs;
			path = ..;
			sourceTree = "<group>";
		};
		B7B16D521A362056005267AF /* SlideOutController */ = {
			isa = PBXGroup;
			children = (
				B7B16D4D1A36201B005267AF /* SWRevealViewController.h */,
				B7B16D4E1A36201B005267AF /* SWRevealViewController.m */,
			);
			name = SlideOutController;
			sourceTree = "<group>";
		};
		B7B16D561A36264B005267AF /* Navigation */ = {
			isa = PBXGroup;
			children = (
				B7B16D531A362646005267AF /* NavigationViewController.h */,
				B7B16D541A362646005267AF /* NavigationViewController.m */,
			);
			name = Navigation;
			sourceTree = "<group>";
		};
		B7FDD09E1A4ABB200001C098 /* Organizers */ = {
			isa = PBXGroup;
			children = (
				B7FDD09B1A4ABB1B0001C098 /* OrganizersViewController.h */,
				B7FDD09C1A4ABB1B0001C098 /* OrganizersViewController.m */,
				B7FDD0A61A4ABFFE0001C098 /* OrganizersTableViewCell.h */,
				B7FDD0A71A4ABFFE0001C098 /* OrganizersTableViewCell.m */,
			);
			name = Organizers;
			sourceTree = "<group>";
		};
		B7FDD0A21A4ABD450001C098 /* WebView */ = {
			isa = PBXGroup;
			children = (
			);
			name = WebView;
			sourceTree = "<group>";
		};
		B7FDD0A91A4AC1560001C098 /* OrganizersLogo */ = {
			isa = PBXGroup;
			children = (
				B7FDD0AA1A4AC1560001C098 /* 4finance_logo.png */,
				B7FDD0AB1A4AC1560001C098 /* accenture.png */,
				B7FDD0AC1A4AC1560001C098 /* ctco_logo.png */,
				B7FDD0AD1A4AC1560001C098 /* devclub.png */,
				B7FDD0AE1A4AC1560001C098 /* enjoy.png */,
				B7FDD0AF1A4AC1560001C098 /* gdg-riga.png */,
				B7FDD0B01A4AC1560001C098 /* gi.png */,
				B7FDD0B11A4AC1560001C098 /* github.png */,
				B7FDD0B21A4AC1560001C098 /* google.png */,
				B7FDD0B31A4AC1560001C098 /* gtug_sthlm.png */,
				B7FDD0B41A4AC1560001C098 /* idea-port-riga.png */,
				B7FDD0B51A4AC1560001C098 /* innowate.png */,
				B7FDD0B61A4AC1560001C098 /* javaguru.png */,
				B7FDD0B71A4AC1560001C098 /* jug-kpi.png */,
				B7FDD0B81A4AC1560001C098 /* jug.png */,
				B7FDD0B91A4AC1560001C098 /* jug_kaunas.png */,
				B7FDD0BA1A4AC1560001C098 /* jug_vilnius.png */,
				B7FDD0BB1A4AC1560001C098 /* kursors.png */,
				B7FDD0BC1A4AC1560001C098 /* ldn.png */,
				B7FDD0BD1A4AC1560001C098 /* lvoug.png */,
				B7FDD0BE1A4AC1560001C098 /* neueda.png */,
				B7FDD0BF1A4AC1560001C098 /* ok_logo.png */,
				B7FDD0C01A4AC1560001C098 /* openshift.png */,
				B7FDD0C11A4AC1560001C098 /* oraclepress.png */,
				B7FDD0C21A4AC1560001C098 /* oreilly.jpg */,
				B7FDD0C31A4AC1560001C098 /* ouge.png */,
				B7FDD0C41A4AC1560001C098 /* pluralsight.png */,
				B7FDD0C51A4AC1560001C098 /* progmeistars.png */,
				B7FDD0C61A4AC1560001C098 /* riga-comm.png */,
				B7FDD0C71A4AC1560001C098 /* rubylight.png */,
				B7FDD0C81A4AC1560001C098 /* startup-latvia.png */,
				B7FDD0C91A4AC1560001C098 /* startuphunt.png */,
				B7FDD0CA1A4AC1560001C098 /* techhub.png */,
			);
			name = OrganizersLogo;
			path = Resources/OrganizersLogo;
			sourceTree = "<group>";
		};
/* End PBXGroup section */

/* Begin PBXNativeTarget section */
		B7B16CFA1A361966005267AF /* RigaDevDay */ = {
			isa = PBXNativeTarget;
			buildConfigurationList = B7B16D1E1A361966005267AF /* Build configuration list for PBXNativeTarget "RigaDevDay" */;
			buildPhases = (
				B7B16CF71A361966005267AF /* Sources */,
				B7B16CF81A361966005267AF /* Frameworks */,
				B7B16CF91A361966005267AF /* Resources */,
			);
			buildRules = (
			);
			dependencies = (
			);
			name = RigaDevDay;
			productName = RigaDevDay;
			productReference = B7B16CFB1A361966005267AF /* RigaDevDay.app */;
			productType = "com.apple.product-type.application";
		};
		B7B16D131A361966005267AF /* RigaDevDayTests */ = {
			isa = PBXNativeTarget;
			buildConfigurationList = B7B16D211A361966005267AF /* Build configuration list for PBXNativeTarget "RigaDevDayTests" */;
			buildPhases = (
				B7B16D101A361966005267AF /* Sources */,
				B7B16D111A361966005267AF /* Frameworks */,
				B7B16D121A361966005267AF /* Resources */,
			);
			buildRules = (
			);
			dependencies = (
				B7B16D161A361966005267AF /* PBXTargetDependency */,
			);
			name = RigaDevDayTests;
			productName = RigaDevDayTests;
			productReference = B7B16D141A361966005267AF /* RigaDevDayTests.xctest */;
			productType = "com.apple.product-type.bundle.unit-test";
		};
/* End PBXNativeTarget section */

/* Begin PBXProject section */
		B7B16CF31A361966005267AF /* Project object */ = {
			isa = PBXProject;
			attributes = {
				LastUpgradeCheck = 0610;
				ORGANIZATIONNAME = "Deniss Kaibagarovs";
				TargetAttributes = {
					B7B16CFA1A361966005267AF = {
						CreatedOnToolsVersion = 6.1.1;
						SystemCapabilities = {
							com.apple.Maps.iOS = {
								enabled = 0;
							};
						};
					};
					B7B16D131A361966005267AF = {
						CreatedOnToolsVersion = 6.1.1;
						TestTargetID = B7B16CFA1A361966005267AF;
					};
				};
			};
			buildConfigurationList = B7B16CF61A361966005267AF /* Build configuration list for PBXProject "RigaDevDay" */;
			compatibilityVersion = "Xcode 3.2";
			developmentRegion = English;
			hasScannedForEncodings = 0;
			knownRegions = (
				en,
				Base,
			);
			mainGroup = B7B16CF21A361966005267AF;
			productRefGroup = B7B16CFC1A361966005267AF /* Products */;
			projectDirPath = "";
			projectRoot = "";
			targets = (
				B7B16CFA1A361966005267AF /* RigaDevDay */,
				B7B16D131A361966005267AF /* RigaDevDayTests */,
			);
		};
/* End PBXProject section */

/* Begin PBXResourcesBuildPhase section */
		B7B16CF91A361966005267AF /* Resources */ = {
			isa = PBXResourcesBuildPhase;
			buildActionMask = 2147483647;
			files = (
				B7B16D0A1A361966005267AF /* Main.storyboard in Resources */,
				B7FDD0D31A4AC1560001C098 /* google.png in Resources */,
				B70F61271A483F96004EA563 /* backstage_8.jpeg in Resources */,
				B70F610A1A483F96004EA563 /* backstage_1.jpeg in Resources */,
				B7FDD0D61A4AC1560001C098 /* innowate.png in Resources */,
				B70F61351A483F96004EA563 /* speaker_11.png in Resources */,
				B70F613E1A483F96004EA563 /* speaker_2.png in Resources */,
				B70F61381A483F96004EA563 /* speaker_14.png in Resources */,
				B7B16D0F1A361966005267AF /* LaunchScreen.xib in Resources */,
				B7FDD0CB1A4AC1560001C098 /* 4finance_logo.png in Resources */,
				B70F61191A483F96004EA563 /* backstage_23.jpeg in Resources */,
				B70F614D1A483F96004EA563 /* speaker_5.png in Resources */,
				B7B16D0C1A361966005267AF /* Images.xcassets in Resources */,
				B70F610D1A483F96004EA563 /* backstage_12.jpeg in Resources */,
				B70F61181A483F96004EA563 /* backstage_22.jpeg in Resources */,
				B70F61121A483F96004EA563 /* backstage_17.jpeg in Resources */,
				B70F612B1A483F96004EA563 /* icon_menu_about.png in Resources */,
				B70F610F1A483F96004EA563 /* backstage_14.jpeg in Resources */,
				B70F61481A483F96004EA563 /* speaker_29.png in Resources */,
				B71B18831A5141CC00A295B1 /* Default.png in Resources */,
				97F889411A49B46E00A135C9 /* back_button_VECTOR.pdf in Resources */,
				B70F612D1A483F96004EA563 /* icon_menu_organizers.png in Resources */,
				B71B187F1A5141CC00A295B1 /* Default-667h@2x.png in Resources */,
				B7FDD0CD1A4AC1560001C098 /* ctco_logo.png in Resources */,
				B70F61391A483F96004EA563 /* speaker_15.png in Resources */,
				B7FDD0DC1A4AC1560001C098 /* kursors.png in Resources */,
				B7FDD0E01A4AC1560001C098 /* ok_logo.png in Resources */,
				B70F61221A483F96004EA563 /* backstage_31.jpeg in Resources */,
				B70F613F1A483F96004EA563 /* speaker_20.png in Resources */,
				B70F61361A483F96004EA563 /* speaker_12.png in Resources */,
				B70F610E1A483F96004EA563 /* backstage_13.jpeg in Resources */,
				B7FDD0EB1A4AC1560001C098 /* techhub.png in Resources */,
				B70F61291A483F96004EA563 /* icon_bookmark.png in Resources */,
				B7FDD0E11A4AC1560001C098 /* openshift.png in Resources */,
				B70F613D1A483F96004EA563 /* speaker_19.png in Resources */,
				B70F61111A483F96004EA563 /* backstage_16.jpeg in Resources */,
				B70F61511A483F96004EA563 /* speaker_9.png in Resources */,
				B70F613B1A483F96004EA563 /* speaker_17.png in Resources */,
				B7657A891A4DAEA900EDAA28 /* Hall_imag@2x.png in Resources */,
				B71B18801A5141CC00A295B1 /* Default-Portrait-736h@3x.png in Resources */,
				B70F61471A483F96004EA563 /* speaker_28.png in Resources */,
				B7FDD0D91A4AC1560001C098 /* jug.png in Resources */,
				B70F61331A483F96004EA563 /* speaker_1.png in Resources */,
				B70F611E1A483F96004EA563 /* backstage_28.jpeg in Resources */,
				B7FDD0D01A4AC1560001C098 /* gdg-riga.png in Resources */,
				B7FDD0E91A4AC1560001C098 /* startup-latvia.png in Resources */,
				B70F611C1A483F96004EA563 /* backstage_26.jpeg in Resources */,
				B70F612E1A483F96004EA563 /* icon_menu_schedule.png in Resources */,
				B70F61531A484386004EA563 /* ic_drawer.png in Resources */,
				B71B18841A5141CC00A295B1 /* Default@2x.png in Resources */,
				B71B18811A5141CC00A295B1 /* Default-Portrait.png in Resources */,
				B70F614C1A483F96004EA563 /* speaker_4.png in Resources */,
				B70F61281A483F96004EA563 /* backstage_9.jpeg in Resources */,
				B70F614F1A483F96004EA563 /* speaker_7.png in Resources */,
				B7FDD0E81A4AC1560001C098 /* rubylight.png in Resources */,
				B7FDD0D11A4AC1560001C098 /* gi.png in Resources */,
				B70F61251A483F96004EA563 /* backstage_6.jpeg in Resources */,
				B70F614B1A483F96004EA563 /* speaker_31.png in Resources */,
				B71B18861A5142EE00A295B1 /* LaunchScreenPNG.png in Resources */,
				B71B18821A5141CC00A295B1 /* Default-Portrait@2x.png in Resources */,
				B70F613A1A483F96004EA563 /* speaker_16.png in Resources */,
				B70F61201A483F96004EA563 /* backstage_3.jpeg in Resources */,
				B70F61321A483F96004EA563 /* speaker_0.png in Resources */,
				B7657A8A1A4DAEA900EDAA28 /* Hall_imag@3x.png in Resources */,
				B7FDD0D41A4AC1560001C098 /* gtug_sthlm.png in Resources */,
				B70F610B1A483F96004EA563 /* backstage_10.jpeg in Resources */,
				B70F612F1A483F96004EA563 /* icon_menu_speakers.png in Resources */,
				B70F614E1A483F96004EA563 /* speaker_6.png in Resources */,
				B70F612C1A483F96004EA563 /* icon_menu_bookmark.png in Resources */,
				B70F61491A483F96004EA563 /* speaker_3.png in Resources */,
				B71B187E1A5141CC00A295B1 /* Default-568h@2x.png in Resources */,
				B7519A031A517F350036E2D6 /* speakers.json in Resources */,
				B70F61371A483F96004EA563 /* speaker_13.png in Resources */,
				B70F611F1A483F96004EA563 /* backstage_29.jpeg in Resources */,
				B70F61151A483F96004EA563 /* backstage_2.jpeg in Resources */,
				B7FDD0D81A4AC1560001C098 /* jug-kpi.png in Resources */,
				B7FDD0D71A4AC1560001C098 /* javaguru.png in Resources */,
				B70F612A1A483F96004EA563 /* icon_bookmark_empty.png in Resources */,
				B70F61161A483F96004EA563 /* backstage_20.jpeg in Resources */,
				B70F613C1A483F96004EA563 /* speaker_18.png in Resources */,
				B70F61131A483F96004EA563 /* backstage_18.jpeg in Resources */,
				B7FDD0DE1A4AC1560001C098 /* lvoug.png in Resources */,
				B70F61141A483F96004EA563 /* backstage_19.jpeg in Resources */,
				B7FDD0DA1A4AC1560001C098 /* jug_kaunas.png in Resources */,
				B70F61421A483F96004EA563 /* speaker_23.png in Resources */,
				B7FDD0D21A4AC1560001C098 /* github.png in Resources */,
				B70F610C1A483F96004EA563 /* backstage_11.jpeg in Resources */,
				B70F61311A483F96004EA563 /* icon_twitter.png in Resources */,
				B70F611D1A483F96004EA563 /* backstage_27.jpeg in Resources */,
				B7FDD0E41A4AC1560001C098 /* ouge.png in Resources */,
				B7FDD0EA1A4AC1560001C098 /* startuphunt.png in Resources */,
				B70F611B1A483F96004EA563 /* backstage_25.jpeg in Resources */,
				B70F61431A483F96004EA563 /* speaker_24.png in Resources */,
				B7FDD0DD1A4AC1560001C098 /* ldn.png in Resources */,
				B7FDD0E31A4AC1560001C098 /* oreilly.jpg in Resources */,
				B7FDD0E51A4AC1560001C098 /* pluralsight.png in Resources */,
				B70F61211A483F96004EA563 /* backstage_30.jpeg in Resources */,
				B7FDD0CF1A4AC1560001C098 /* enjoy.png in Resources */,
				B70F61301A483F96004EA563 /* icon_menu_venue.png in Resources */,
				B7519A021A517F350036E2D6 /* schedule.json in Resources */,
				B70F61461A483F96004EA563 /* speaker_27.png in Resources */,
				B7FDD0DB1A4AC1560001C098 /* jug_vilnius.png in Resources */,
				B70F61241A483F96004EA563 /* backstage_5.jpeg in Resources */,
				B70F61451A483F96004EA563 /* speaker_26.png in Resources */,
				B70F61101A483F96004EA563 /* backstage_15.jpeg in Resources */,
				B70F61411A483F96004EA563 /* speaker_22.png in Resources */,
				B7657A861A4DADE900EDAA28 /* Hall_imag.png in Resources */,
				B70F61231A483F96004EA563 /* backstage_4.jpeg in Resources */,
				B7FDD0E71A4AC1560001C098 /* riga-comm.png in Resources */,
				B70F61341A483F96004EA563 /* speaker_10.png in Resources */,
				B70F614A1A483F96004EA563 /* speaker_30.png in Resources */,
				B7FDD0D51A4AC1560001C098 /* idea-port-riga.png in Resources */,
				97F8893D1A49B35500A135C9 /* icon_back.png in Resources */,
				B70F61171A483F96004EA563 /* backstage_21.jpeg in Resources */,
				B7FDD0CC1A4AC1560001C098 /* accenture.png in Resources */,
				B7FDD0E61A4AC1560001C098 /* progmeistars.png in Resources */,
				B70F611A1A483F96004EA563 /* backstage_24.jpeg in Resources */,
				B70F61401A483F96004EA563 /* speaker_21.png in Resources */,
				B70F61441A483F96004EA563 /* speaker_25.png in Resources */,
				B7FDD0CE1A4AC1560001C098 /* devclub.png in Resources */,
				B70F61501A483F96004EA563 /* speaker_8.png in Resources */,
				B7FDD0DF1A4AC1560001C098 /* neueda.png in Resources */,
				B70F61261A483F96004EA563 /* backstage_7.jpeg in Resources */,
				B7FDD0E21A4AC1560001C098 /* oraclepress.png in Resources */,
			);
			runOnlyForDeploymentPostprocessing = 0;
		};
		B7B16D121A361966005267AF /* Resources */ = {
			isa = PBXResourcesBuildPhase;
			buildActionMask = 2147483647;
			files = (
			);
			runOnlyForDeploymentPostprocessing = 0;
		};
/* End PBXResourcesBuildPhase section */

/* Begin PBXSourcesBuildPhase section */
		B7B16CF71A361966005267AF /* Sources */ = {
			isa = PBXSourcesBuildPhase;
			buildActionMask = 2147483647;
			files = (
				B70F61561A4846C6004EA563 /* ShowCaseCell.m in Sources */,
				B7B16D4F1A36201B005267AF /* SWRevealViewController.m in Sources */,
				97F8894A1A49BBEF00A135C9 /* MKMapView+ZoomLevel.m in Sources */,
				97F8893B1A49A84E00A135C9 /* SpeakersViewController.m in Sources */,
				B7B16D2A1A361B2D005267AF /* SpeakerInfoViewController.m in Sources */,
				B7B16D551A362646005267AF /* NavigationViewController.m in Sources */,
				B70EEB571A485258008CD9C6 /* MHTabBarController.m in Sources */,
				B7B16D321A361BAC005267AF /* ScheduleViewController.m in Sources */,
				B7B16D471A361D75005267AF /* ScheduleObject.m in Sources */,
				B7B16D3A1A361BE8005267AF /* AboutViewController.m in Sources */,
				B7FDD1221A4B4FDD0001C098 /* ScheduleTableViewCell.m in Sources */,
				B7B16D041A361966005267AF /* AppDelegate.m in Sources */,
				97F889441A49B64600A135C9 /* VenueViewController.m in Sources */,
				B7B16D2E1A361B7A005267AF /* SpeechInfoViewController.m in Sources */,
				B7FA0F1D1A4C731F002BD598 /* GlobalMetupTableViewCell.m in Sources */,
				B7B16D361A361BD0005267AF /* BookmarksViewController.m in Sources */,
				B70F61591A4846EB004EA563 /* ShowcaseViewController.m in Sources */,
				B7FDD1141A4B21110001C098 /* SpeakerTableViewCell.m in Sources */,
				B7FDD11F1A4B45820001C098 /* EventCategory.m in Sources */,
				B7B16D4C1A361DDA005267AF /* SpeakerObject.m in Sources */,
				B7FDD0A81A4ABFFE0001C098 /* OrganizersTableViewCell.m in Sources */,
				B7FDD09D1A4ABB1B0001C098 /* OrganizersViewController.m in Sources */,
				B7B16D3E1A361D16005267AF /* DataManager.m in Sources */,
				B7B16D011A361966005267AF /* main.m in Sources */,
				B7B16D421A361D33005267AF /* EventObject.m in Sources */,
			);
			runOnlyForDeploymentPostprocessing = 0;
		};
		B7B16D101A361966005267AF /* Sources */ = {
			isa = PBXSourcesBuildPhase;
			buildActionMask = 2147483647;
			files = (
				B7B16D1B1A361966005267AF /* RigaDevDayTests.m in Sources */,
			);
			runOnlyForDeploymentPostprocessing = 0;
		};
/* End PBXSourcesBuildPhase section */

/* Begin PBXTargetDependency section */
		B7B16D161A361966005267AF /* PBXTargetDependency */ = {
			isa = PBXTargetDependency;
			target = B7B16CFA1A361966005267AF /* RigaDevDay */;
			targetProxy = B7B16D151A361966005267AF /* PBXContainerItemProxy */;
		};
/* End PBXTargetDependency section */

/* Begin PBXVariantGroup section */
		B7B16D081A361966005267AF /* Main.storyboard */ = {
			isa = PBXVariantGroup;
			children = (
				B7B16D091A361966005267AF /* Base */,
			);
			name = Main.storyboard;
			sourceTree = "<group>";
		};
		B7B16D0D1A361966005267AF /* LaunchScreen.xib */ = {
			isa = PBXVariantGroup;
			children = (
				B7B16D0E1A361966005267AF /* Base */,
			);
			name = LaunchScreen.xib;
			sourceTree = "<group>";
		};
/* End PBXVariantGroup section */

/* Begin XCBuildConfiguration section */
		B7B16D1C1A361966005267AF /* Debug */ = {
			isa = XCBuildConfiguration;
			buildSettings = {
				ALWAYS_SEARCH_USER_PATHS = NO;
				CLANG_CXX_LANGUAGE_STANDARD = "gnu++0x";
				CLANG_CXX_LIBRARY = "libc++";
				CLANG_ENABLE_MODULES = YES;
				CLANG_ENABLE_OBJC_ARC = YES;
				CLANG_WARN_BOOL_CONVERSION = YES;
				CLANG_WARN_CONSTANT_CONVERSION = YES;
				CLANG_WARN_DIRECT_OBJC_ISA_USAGE = YES_ERROR;
				CLANG_WARN_EMPTY_BODY = YES;
				CLANG_WARN_ENUM_CONVERSION = YES;
				CLANG_WARN_INT_CONVERSION = YES;
				CLANG_WARN_OBJC_ROOT_CLASS = YES_ERROR;
				CLANG_WARN_UNREACHABLE_CODE = YES;
				CLANG_WARN__DUPLICATE_METHOD_MATCH = YES;
				"CODE_SIGN_IDENTITY[sdk=iphoneos*]" = "iPhone Developer";
				COPY_PHASE_STRIP = NO;
				ENABLE_STRICT_OBJC_MSGSEND = YES;
				GCC_C_LANGUAGE_STANDARD = gnu99;
				GCC_DYNAMIC_NO_PIC = NO;
				GCC_OPTIMIZATION_LEVEL = 0;
				GCC_PREPROCESSOR_DEFINITIONS = (
					"DEBUG=1",
					"$(inherited)",
				);
				GCC_SYMBOLS_PRIVATE_EXTERN = NO;
				GCC_WARN_64_TO_32_BIT_CONVERSION = YES;
				GCC_WARN_ABOUT_RETURN_TYPE = YES_ERROR;
				GCC_WARN_UNDECLARED_SELECTOR = YES;
				GCC_WARN_UNINITIALIZED_AUTOS = YES_AGGRESSIVE;
				GCC_WARN_UNUSED_FUNCTION = YES;
				GCC_WARN_UNUSED_VARIABLE = YES;
				IPHONEOS_DEPLOYMENT_TARGET = 8.1;
				MTL_ENABLE_DEBUG_INFO = YES;
				ONLY_ACTIVE_ARCH = YES;
				SDKROOT = iphoneos;
				TARGETED_DEVICE_FAMILY = "1,2";
			};
			name = Debug;
		};
		B7B16D1D1A361966005267AF /* Release */ = {
			isa = XCBuildConfiguration;
			buildSettings = {
				ALWAYS_SEARCH_USER_PATHS = NO;
				CLANG_CXX_LANGUAGE_STANDARD = "gnu++0x";
				CLANG_CXX_LIBRARY = "libc++";
				CLANG_ENABLE_MODULES = YES;
				CLANG_ENABLE_OBJC_ARC = YES;
				CLANG_WARN_BOOL_CONVERSION = YES;
				CLANG_WARN_CONSTANT_CONVERSION = YES;
				CLANG_WARN_DIRECT_OBJC_ISA_USAGE = YES_ERROR;
				CLANG_WARN_EMPTY_BODY = YES;
				CLANG_WARN_ENUM_CONVERSION = YES;
				CLANG_WARN_INT_CONVERSION = YES;
				CLANG_WARN_OBJC_ROOT_CLASS = YES_ERROR;
				CLANG_WARN_UNREACHABLE_CODE = YES;
				CLANG_WARN__DUPLICATE_METHOD_MATCH = YES;
				"CODE_SIGN_IDENTITY[sdk=iphoneos*]" = "iPhone Developer";
				COPY_PHASE_STRIP = YES;
				ENABLE_NS_ASSERTIONS = NO;
				ENABLE_STRICT_OBJC_MSGSEND = YES;
				GCC_C_LANGUAGE_STANDARD = gnu99;
				GCC_WARN_64_TO_32_BIT_CONVERSION = YES;
				GCC_WARN_ABOUT_RETURN_TYPE = YES_ERROR;
				GCC_WARN_UNDECLARED_SELECTOR = YES;
				GCC_WARN_UNINITIALIZED_AUTOS = YES_AGGRESSIVE;
				GCC_WARN_UNUSED_FUNCTION = YES;
				GCC_WARN_UNUSED_VARIABLE = YES;
				IPHONEOS_DEPLOYMENT_TARGET = 8.1;
				MTL_ENABLE_DEBUG_INFO = NO;
				SDKROOT = iphoneos;
				TARGETED_DEVICE_FAMILY = "1,2";
				VALIDATE_PRODUCT = YES;
			};
			name = Release;
		};
		B7B16D1F1A361966005267AF /* Debug */ = {
			isa = XCBuildConfiguration;
			buildSettings = {
				ASSETCATALOG_COMPILER_APPICON_NAME = AppIcon;
				ASSETCATALOG_COMPILER_LAUNCHIMAGE_NAME = LaunchImage;
				INFOPLIST_FILE = RigaDevDay/Info.plist;
				IPHONEOS_DEPLOYMENT_TARGET = 7.0;
				LD_RUNPATH_SEARCH_PATHS = "$(inherited) @executable_path/Frameworks";
				PRODUCT_NAME = "$(TARGET_NAME)";
				TARGETED_DEVICE_FAMILY = "1,2";
			};
			name = Debug;
		};
		B7B16D201A361966005267AF /* Release */ = {
			isa = XCBuildConfiguration;
			buildSettings = {
				ASSETCATALOG_COMPILER_APPICON_NAME = AppIcon;
				ASSETCATALOG_COMPILER_LAUNCHIMAGE_NAME = LaunchImage;
				INFOPLIST_FILE = RigaDevDay/Info.plist;
				IPHONEOS_DEPLOYMENT_TARGET = 7.0;
				LD_RUNPATH_SEARCH_PATHS = "$(inherited) @executable_path/Frameworks";
				PRODUCT_NAME = "$(TARGET_NAME)";
				TARGETED_DEVICE_FAMILY = "1,2";
			};
			name = Release;
		};
		B7B16D221A361966005267AF /* Debug */ = {
			isa = XCBuildConfiguration;
			buildSettings = {
				BUNDLE_LOADER = "$(TEST_HOST)";
				FRAMEWORK_SEARCH_PATHS = (
					"$(SDKROOT)/Developer/Library/Frameworks",
					"$(inherited)",
				);
				GCC_PREPROCESSOR_DEFINITIONS = (
					"DEBUG=1",
					"$(inherited)",
				);
				INFOPLIST_FILE = RigaDevDayTests/Info.plist;
				LD_RUNPATH_SEARCH_PATHS = "$(inherited) @executable_path/Frameworks @loader_path/Frameworks";
				PRODUCT_NAME = "$(TARGET_NAME)";
				TEST_HOST = "$(BUILT_PRODUCTS_DIR)/RigaDevDay.app/RigaDevDay";
			};
			name = Debug;
		};
		B7B16D231A361966005267AF /* Release */ = {
			isa = XCBuildConfiguration;
			buildSettings = {
				BUNDLE_LOADER = "$(TEST_HOST)";
				FRAMEWORK_SEARCH_PATHS = (
					"$(SDKROOT)/Developer/Library/Frameworks",
					"$(inherited)",
				);
				INFOPLIST_FILE = RigaDevDayTests/Info.plist;
				LD_RUNPATH_SEARCH_PATHS = "$(inherited) @executable_path/Frameworks @loader_path/Frameworks";
				PRODUCT_NAME = "$(TARGET_NAME)";
				TEST_HOST = "$(BUILT_PRODUCTS_DIR)/RigaDevDay.app/RigaDevDay";
			};
			name = Release;
		};
/* End XCBuildConfiguration section */

/* Begin XCConfigurationList section */
		B7B16CF61A361966005267AF /* Build configuration list for PBXProject "RigaDevDay" */ = {
			isa = XCConfigurationList;
			buildConfigurations = (
				B7B16D1C1A361966005267AF /* Debug */,
				B7B16D1D1A361966005267AF /* Release */,
			);
			defaultConfigurationIsVisible = 0;
			defaultConfigurationName = Release;
		};
		B7B16D1E1A361966005267AF /* Build configuration list for PBXNativeTarget "RigaDevDay" */ = {
			isa = XCConfigurationList;
			buildConfigurations = (
				B7B16D1F1A361966005267AF /* Debug */,
				B7B16D201A361966005267AF /* Release */,
			);
			defaultConfigurationIsVisible = 0;
			defaultConfigurationName = Release;
		};
		B7B16D211A361966005267AF /* Build configuration list for PBXNativeTarget "RigaDevDayTests" */ = {
			isa = XCConfigurationList;
			buildConfigurations = (
				B7B16D221A361966005267AF /* Debug */,
				B7B16D231A361966005267AF /* Release */,
			);
			defaultConfigurationIsVisible = 0;
			defaultConfigurationName = Release;
		};
/* End XCConfigurationList section */
	};
	rootObject = B7B16CF31A361966005267AF /* Project object */;
}
